{
  "originHash" : "6c773979578ffd924435cc795f430c181538022a4a99a2e469a8991a160620b2",
  "pins" : [
    {
      "identity" : "symaira-appkit",
      "kind" : "remoteSourceControl",
      "location" : "https://github.com/danieljustus/symaira-appkit",
      "state" : {
        "revision" : "463cebd5c1c53353dc63da07f77730ff2611a90c"
      }
    }
  ],
  "version" : 3
}
