{
  "originHash" : "6c773979578ffd924435cc795f430c181538022a4a99a2e469a8991a160620b2",
  "pins" : [
    {
      "identity" : "symaira-appkit",
      "kind" : "remoteSourceControl",
      "location" : "https://github.com/danieljustus/symaira-appkit",
      "state" : {
        "revision" : "188cd923a06532d7ce9de46e05afaa5670ff37f6"
      }
    }
  ],
  "version" : 3
}
