{
  "originHash" : "6c773979578ffd924435cc795f430c181538022a4a99a2e469a8991a160620b2",
  "pins" : [
    {
      "identity" : "symaira-appkit",
      "kind" : "remoteSourceControl",
      "location" : "https://github.com/danieljustus/symaira-appkit",
      "state" : {
        "revision" : "6263d2daa9641b28e1706d7e5e1b6837e80420f7",
        "version" : "0.4.0"
      }
    }
  ],
  "version" : 3
}
