// !$*UTF8*$!
{
	archiveVersion = 1;
	classes = {
	};
	objectVersion = 77;
	objects = {

/* Begin PBXBuildFile section */
		00C7801D81436878B1F6C766 /* DbViewGallery.swift in Sources */ = {isa = PBXBuildFile; fileRef = 63AF82D799029EFC1957DB2F /* DbViewGallery.swift */; };
		03618B7F81A04FE3E3DD2B01 /* ClassificationRulesViewModelTests.swift in Sources */ = {isa = PBXBuildFile; fileRef = 95BE33F6E50098539F916385 /* ClassificationRulesViewModelTests.swift */; };
		0777864A7A6E975929B7A320 /* AsyncActionTrackerTests.swift in Sources */ = {isa = PBXBuildFile; fileRef = 8948F04EC3090C19864630CC /* AsyncActionTrackerTests.swift */; };
		087490E1CC2A424C7AEF4AC1 /* DocumentGridView.swift in Sources */ = {isa = PBXBuildFile; fileRef = AF74B31CB37D574E3AC69032 /* DocumentGridView.swift */; };
		08DDB4F6EED7DA64407BA23B /* MarkdownPreview.swift in Sources */ = {isa = PBXBuildFile; fileRef = 4361A3B66293519600E22473 /* MarkdownPreview.swift */; };
		0AE00184D9CE91DCF6CD8E59 /* SpeakerReviewPanel.swift in Sources */ = {isa = PBXBuildFile; fileRef = 7946F6B3E83FEFA35F91B69F /* SpeakerReviewPanel.swift */; };
		0C92622CE6B3BB5D9C7AEC4C /* DocumentViewerView.swift in Sources */ = {isa = PBXBuildFile; fileRef = BB47DE4186F80D337DC11BD3 /* DocumentViewerView.swift */; };
		0E431B578B8CAF857895099F /* MeetingReviewView.swift in Sources */ = {isa = PBXBuildFile; fileRef = 95A9CC7BD653D742BBD137CC /* MeetingReviewView.swift */; };
		0FCF15C93705A7EC381F622E /* CompanionToolsView.swift in Sources */ = {isa = PBXBuildFile; fileRef = 271AD84AE42D56DEA05C9642 /* CompanionToolsView.swift */; };
		11DDD21FB6492D602BB86A0F /* MobileServerConnection.swift in Sources */ = {isa = PBXBuildFile; fileRef = C7BA0DB3A5FA63448B1F7895 /* MobileServerConnection.swift */; };
		14AB9F440F4DF6813149FB4E /* MobileVault.swift in Sources */ = {isa = PBXBuildFile; fileRef = 937E397B9A403351E2774A73 /* MobileVault.swift */; };
		14F891ABD3302502994CB064 /* SymairaTheme in Frameworks */ = {isa = PBXBuildFile; productRef = 6BFDEE30809F14AC06D066FB /* SymairaTheme */; };
		190EF5D4BA2FFAFB08B28434 /* MarkdownPreviewView.swift in Sources */ = {isa = PBXBuildFile; fileRef = 9E65A058CCDDBCCFB506217C /* MarkdownPreviewView.swift */; };
		197AD7BDF025042D4AFAFFBE /* ServerConnection.swift in Sources */ = {isa = PBXBuildFile; fileRef = 0F5CBE2CE55A95870F3464BE /* ServerConnection.swift */; };
		19D58D1D913AEA689B0EEA71 /* MobileVaultParserTests.swift in Sources */ = {isa = PBXBuildFile; fileRef = A68D64871B4AA84AF8340744 /* MobileVaultParserTests.swift */; };
		1D14D610EF1CD193F0A97065 /* SymairaTheme in Frameworks */ = {isa = PBXBuildFile; productRef = AAA444735FB3AB708D3BD4C4 /* SymairaTheme */; };
		1ECCF881DFFB05C3E4DCA223 /* NotificationCenterProviding.swift in Sources */ = {isa = PBXBuildFile; fileRef = C65122A6938268B750A79E55 /* NotificationCenterProviding.swift */; };
		1F1FA22E3100184255CC3362 /* DbViewTable.swift in Sources */ = {isa = PBXBuildFile; fileRef = 1EEEC588B327739FBAF693D4 /* DbViewTable.swift */; };
		1F4F7DB3673E6ECA5569DAB0 /* fake-symdesk.sh in Resources */ = {isa = PBXBuildFile; fileRef = 7508239A9019F2C46A80B902 /* fake-symdesk.sh */; };
		223A0903E7A1B2FF00EE3F7E /* MarkdownEditorView.swift in Sources */ = {isa = PBXBuildFile; fileRef = 1F547CF59C20684A5051D6B5 /* MarkdownEditorView.swift */; };
		274F640915B4D63279459C99 /* DbViewCalendar.swift in Sources */ = {isa = PBXBuildFile; fileRef = 48223DCBE4FF19264208BCB3 /* DbViewCalendar.swift */; };
		2A33E6AC1739DB68412E9972 /* MarkdownTable.swift in Sources */ = {isa = PBXBuildFile; fileRef = 6249D84E9A4012E9E8B0BFDB /* MarkdownTable.swift */; };
		2A9DFE1A981C4FBDB9D49061 /* DbViewBoard.swift in Sources */ = {isa = PBXBuildFile; fileRef = 78F76334FF1AA665F17F9B0C /* DbViewBoard.swift */; };
		2B00DA7BB2B7112DB63A3E17 /* ClassificationRulesViewModel.swift in Sources */ = {isa = PBXBuildFile; fileRef = 36ACCC6F6DD37EEAD70151F2 /* ClassificationRulesViewModel.swift */; };
		2BC4F88B2DF3C7035A2030A1 /* SymairaTheme in Frameworks */ = {isa = PBXBuildFile; productRef = B65D992D4DD6927D37A99FCD /* SymairaTheme */; };
		30F3B2FD4B8734AF6FFCA25A /* MeetingReviewModelTests.swift in Sources */ = {isa = PBXBuildFile; fileRef = A2BC2A21B0BFAB4B7F22A054 /* MeetingReviewModelTests.swift */; };
		38E3530E7E3A4E1D85CBC384 /* libSymDeskCore.a in Frameworks */ = {isa = PBXBuildFile; fileRef = AF3DE41EB61C376999197AEF /* libSymDeskCore.a */; };
		3D00605BDE73976880F49353 /* NotificationScheduler.swift in Sources */ = {isa = PBXBuildFile; fileRef = 233223A3C27BEA490CADB82C /* NotificationScheduler.swift */; };
		40406909A4AAF62DD881D295 /* NotificationManager.swift in Sources */ = {isa = PBXBuildFile; fileRef = 23EBE73852F5829E6BB25B82 /* NotificationManager.swift */; };
		45C5391AC1D3FBABE28B94AF /* SymDeskDesign.swift in Sources */ = {isa = PBXBuildFile; fileRef = CB445023E5B108D54E2CADF5 /* SymDeskDesign.swift */; };
		47B48D476FD69E6B4E906AF6 /* LiquidGlass.swift in Sources */ = {isa = PBXBuildFile; fileRef = EDBAE07809E36B3393ACA8A0 /* LiquidGlass.swift */; };
		4A0570925954FEF676DF3D27 /* MeetingAudioPlayer.swift in Sources */ = {isa = PBXBuildFile; fileRef = 6031E3F5930844C981F51544 /* MeetingAudioPlayer.swift */; };
		4C61971FE7AC481D84BE4B3D /* MobileTheme.swift in Sources */ = {isa = PBXBuildFile; fileRef = 2277ACA3457731ED5743E9C9 /* MobileTheme.swift */; };
		501D1A781F9C96208374CF89 /* SymairaCLIRunner in Frameworks */ = {isa = PBXBuildFile; productRef = 440538EBC91381E953CC1697 /* SymairaCLIRunner */; };
		52B0B883869C07C6C51D48C4 /* BlockEditorView.swift in Sources */ = {isa = PBXBuildFile; fileRef = B58CE1AAB047E5C20B8DBC43 /* BlockEditorView.swift */; };
		5559B886DFF79DF05589717E /* SymairaUpdateCheck in Frameworks */ = {isa = PBXBuildFile; productRef = CFBC6F0BE1C9C08829AF5DC6 /* SymairaUpdateCheck */; };
		5698513BA081E184D06175F5 /* SymairaToolKit in Frameworks */ = {isa = PBXBuildFile; productRef = FB4C7E4FD05930A9DBAFDE35 /* SymairaToolKit */; };
		571C6E466AA0EACEBA689E1F /* ContentView.swift in Sources */ = {isa = PBXBuildFile; fileRef = 61EE8B62E86F8FE234837F0A /* ContentView.swift */; };
		5FD95A9B634F3C3A5DEC9547 /* UpdateInstallerTests.swift in Sources */ = {isa = PBXBuildFile; fileRef = 37BB0170D51D31EB825E5869 /* UpdateInstallerTests.swift */; };
		62EF7665587A0B5275D86D6F /* MarkdownTableTests.swift in Sources */ = {isa = PBXBuildFile; fileRef = BD503BDFC58C49F251B9A606 /* MarkdownTableTests.swift */; };
		649F594D8BA36896933EED49 /* TagEntry.swift in Sources */ = {isa = PBXBuildFile; fileRef = 51C61A8C8D833F893CA57C53 /* TagEntry.swift */; };
		64C0919422B9FBF88A826757 /* IngestQueueView.swift in Sources */ = {isa = PBXBuildFile; fileRef = B652D24B94E01B080A5139C0 /* IngestQueueView.swift */; };
		6A91EA1E38A414D990E92D61 /* TranscriptTimelineView.swift in Sources */ = {isa = PBXBuildFile; fileRef = A60D1BDE16EFA4EF064577CB /* TranscriptTimelineView.swift */; };
		71F20F1D5036D27530C70F14 /* SymairaToolKit in Frameworks */ = {isa = PBXBuildFile; productRef = 3BEF32958D7F1CBB107FC724 /* SymairaToolKit */; };
		74DF8458BEC41A75D6F1604C /* MobileRootView.swift in Sources */ = {isa = PBXBuildFile; fileRef = C41A2D45CCFD80688933E2FC /* MobileRootView.swift */; };
		818D035A27199BE0E1034DE8 /* SymairaIngestContract in Frameworks */ = {isa = PBXBuildFile; productRef = A811DD5B1E907A8EF49849F7 /* SymairaIngestContract */; };
		8297EAB48FFFA51F537F9351 /* BlockNode.swift in Sources */ = {isa = PBXBuildFile; fileRef = 24A66FCAE94BEB5D93BE972B /* BlockNode.swift */; };
		85DECDD2DC5ADCC88C1E2BBC /* DbViewTimeline.swift in Sources */ = {isa = PBXBuildFile; fileRef = 39D62AD2CAE794AD863C9E92 /* DbViewTimeline.swift */; };
		888252B8F6964BA6158F9CC6 /* ReviewLaneView.swift in Sources */ = {isa = PBXBuildFile; fileRef = 9C51F0367577777D2D842F81 /* ReviewLaneView.swift */; };
		894BF25DD7A7DE8807A137E1 /* DiscoverView.swift in Sources */ = {isa = PBXBuildFile; fileRef = 15ADDCBD65EB529378EF6DC5 /* DiscoverView.swift */; };
		8D1D15CD36A1EDC8F6A23185 /* AIDockView.swift in Sources */ = {isa = PBXBuildFile; fileRef = 9E0EF47CC7E6B528447433E8 /* AIDockView.swift */; };
		8D9B2E4C882F19841C75104C /* MarkdownPreviewTests.swift in Sources */ = {isa = PBXBuildFile; fileRef = 93B2D66520688E3347706F2A /* MarkdownPreviewTests.swift */; };
		8EC2D4A9ACD0AE25F730956C /* HistoryView.swift in Sources */ = {isa = PBXBuildFile; fileRef = B0F34CB14C3886867573D63C /* HistoryView.swift */; };
		93AB4112A5820CC47B45DB2E /* AsyncActionTracker.swift in Sources */ = {isa = PBXBuildFile; fileRef = 8EBD01F47531831816ECBBC9 /* AsyncActionTracker.swift */; };
		94BE347F343E4274462CCFA1 /* MeetingReviewModel.swift in Sources */ = {isa = PBXBuildFile; fileRef = FB4B7F3287A383E8C979FE50 /* MeetingReviewModel.swift */; };
		951042A6C3918F1D3EA4CD32 /* ParticipantConfirmationView.swift in Sources */ = {isa = PBXBuildFile; fileRef = 0C3A8CB17DABF0648A84D9C6 /* ParticipantConfirmationView.swift */; };
		95958AA9ACDAB632B1BAF7F8 /* DocumentCardTests.swift in Sources */ = {isa = PBXBuildFile; fileRef = BFA27EFFC69A6E08B2972334 /* DocumentCardTests.swift */; };
		9CB84C5DEC5DFAA645786C79 /* SymairaToolKit in Frameworks */ = {isa = PBXBuildFile; productRef = CCF15BEFF6E2B7C5BDE99A2A /* SymairaToolKit */; };
		A069D366DE09F194427FA488 /* Assets.xcassets in Resources */ = {isa = PBXBuildFile; fileRef = B19FB8752DF2B7914F917FAE /* Assets.xcassets */; };
		A138AFCFEA44C4E485B65257 /* OnboardingView.swift in Sources */ = {isa = PBXBuildFile; fileRef = 59762A8D6DF418D30855BEDA /* OnboardingView.swift */; };
		AA0096EBBB63DF8E5B8A19CB /* TagBrowserView.swift in Sources */ = {isa = PBXBuildFile; fileRef = 02391589A785587023B6522C /* TagBrowserView.swift */; };
		AAB2D778093607FBB326E837 /* SymDeskMobileApp.swift in Sources */ = {isa = PBXBuildFile; fileRef = 0CAE9E046D07652DF79A3000 /* SymDeskMobileApp.swift */; };
		ACEECA392E62D5A594FF6F5B /* DeskTransportTests.swift in Sources */ = {isa = PBXBuildFile; fileRef = 748F5E216CEC59B66740A482 /* DeskTransportTests.swift */; };
		AF33E56F24D6F0B026A98F5B /* PropertiesInspector.swift in Sources */ = {isa = PBXBuildFile; fileRef = 56278C647AEC161C2B94531F /* PropertiesInspector.swift */; };
		B0BB83ED23EB9B4B5F55EF19 /* VaultAssets.swift in Sources */ = {isa = PBXBuildFile; fileRef = 9A3B1306D1D67D45CE845EAF /* VaultAssets.swift */; };
		B4BBDCDD200A14353CFF2B9F /* DeskCore.swift in Sources */ = {isa = PBXBuildFile; fileRef = F756739286BF26EA17456C99 /* DeskCore.swift */; };
		B88D845C3B8D9C6FEC6D7006 /* DbViewList.swift in Sources */ = {isa = PBXBuildFile; fileRef = D23C8BFA56B2714D100315DB /* DbViewList.swift */; };
		BB6C55D988F6B8302B5A25BB /* MeetingModels.swift in Sources */ = {isa = PBXBuildFile; fileRef = D08CDFA027DFDFE0F07CFBA5 /* MeetingModels.swift */; };
		BC3F2F58982E1AA5456634AF /* MeetingsView.swift in Sources */ = {isa = PBXBuildFile; fileRef = 34D4E18EEA985A7CCFB138B7 /* MeetingsView.swift */; };
		BD65FAB6BE6B206D608452DB /* DeskTransport.swift in Sources */ = {isa = PBXBuildFile; fileRef = 2B442ECE47F4FC2E662B8D33 /* DeskTransport.swift */; };
		BF470309F3842EC5356B51C1 /* Assets.xcassets in Resources */ = {isa = PBXBuildFile; fileRef = 22BF7512AD5CE2E3A5DE514E /* Assets.xcassets */; };
		C238FC5C1826BF80F001CE50 /* RulesSettingsView.swift in Sources */ = {isa = PBXBuildFile; fileRef = 9FA57E256040FF30C447766E /* RulesSettingsView.swift */; };
		C27BFEBB0F77B10FB04D8E2D /* MeetingKnowledgeReviewView.swift in Sources */ = {isa = PBXBuildFile; fileRef = 278FA07C11ECADBCDFD4ED6B /* MeetingKnowledgeReviewView.swift */; };
		C336F49BE61DBF2A7C03CE8E /* SymairaUpdateCheck in Frameworks */ = {isa = PBXBuildFile; productRef = 596C4C9EB9845BC180C460A4 /* SymairaUpdateCheck */; };
		C538D3C4A6BE4D9208A2DCCE /* SymairaUpdateCheck in Frameworks */ = {isa = PBXBuildFile; productRef = 4D0E14080504B77CA18BBA53 /* SymairaUpdateCheck */; };
		C56310271DF0FBD1ED258CCA /* GraphView.swift in Sources */ = {isa = PBXBuildFile; fileRef = FF662679454A1D5730ECD171 /* GraphView.swift */; };
		C6F1120FFE339799B94C8BF7 /* TrashView.swift in Sources */ = {isa = PBXBuildFile; fileRef = BFCFA06E53EB66006F8169C7 /* TrashView.swift */; };
		C7C146956A2FA300951F787D /* DocumentThumbnailView.swift in Sources */ = {isa = PBXBuildFile; fileRef = A2FC4C3A298D87F74C40AD0D /* DocumentThumbnailView.swift */; };
		C85A4C45BB4E561D0049F805 /* UpdateInstaller.swift in Sources */ = {isa = PBXBuildFile; fileRef = 0D31AEB4D808A7B5F64134E1 /* UpdateInstaller.swift */; };
		C8E2BB8E6DEC50C4AF30AEA5 /* TagStore.swift in Sources */ = {isa = PBXBuildFile; fileRef = D3377E99C5896425F50A2293 /* TagStore.swift */; };
		CBD99C1AAF0BA2BE2A136FA6 /* SymDeskApp.swift in Sources */ = {isa = PBXBuildFile; fileRef = BBD325D2A25FDF9FA519A6FA /* SymDeskApp.swift */; };
		CCD6C165B5907E502AD44496 /* libSymDeskCore.a in Frameworks */ = {isa = PBXBuildFile; fileRef = AF3DE41EB61C376999197AEF /* libSymDeskCore.a */; };
		CCDBBC249BD9A074D897717E /* DbViewEditor.swift in Sources */ = {isa = PBXBuildFile; fileRef = 20BC6F58C62B4760E83EF56B /* DbViewEditor.swift */; };
		D0EC53A22588E1A56A3E2F2B /* VaultConfig.swift in Sources */ = {isa = PBXBuildFile; fileRef = A175D91D3D83560906E78387 /* VaultConfig.swift */; };
		D32E9B586B362E4914175291 /* EventWatcher.swift in Sources */ = {isa = PBXBuildFile; fileRef = 95355A68097983C9F84AE919 /* EventWatcher.swift */; };
		D7BD437D2AE86E66C864B0FC /* MobileNoteDetailView.swift in Sources */ = {isa = PBXBuildFile; fileRef = 565FECB395ABE250121EC9A8 /* MobileNoteDetailView.swift */; };
		D8DB6D940F2257736D24B15E /* NotificationManagerTests.swift in Sources */ = {isa = PBXBuildFile; fileRef = 4CA283F51817DD589D19ADB4 /* NotificationManagerTests.swift */; };
		D912C5E6E61A8D859E86A1F6 /* CommandPalette.swift in Sources */ = {isa = PBXBuildFile; fileRef = F136EF877D776AFD6D2CE697 /* CommandPalette.swift */; };
		DAC209DBEC4B228C9C2E0C65 /* SymairaIngestContract in Frameworks */ = {isa = PBXBuildFile; productRef = 834BF5FB29F232C62B0E48E4 /* SymairaIngestContract */; };
		DAC3E722A9EF65A8E65C68FB /* libSymDeskCore.a in Frameworks */ = {isa = PBXBuildFile; fileRef = AF3DE41EB61C376999197AEF /* libSymDeskCore.a */; };
		E0949CE5566FE358143A90F3 /* SymairaCLIRunner in Frameworks */ = {isa = PBXBuildFile; productRef = 5B81234FBF41E06530F2A5C1 /* SymairaCLIRunner */; };
		EDBAB66DD3722499129B80AE /* SymairaCLIRunner in Frameworks */ = {isa = PBXBuildFile; productRef = E20080EE08C0202FC164E192 /* SymairaCLIRunner */; };
		F157E0C3058BA227E6106A58 /* SymairaIngestContract in Frameworks */ = {isa = PBXBuildFile; productRef = 6730086BD27F282EAE58D774 /* SymairaIngestContract */; };
		F2840BACD70B9D19E69E2AB7 /* MeetingsViewTests.swift in Sources */ = {isa = PBXBuildFile; fileRef = 701CAD285D8A611C5C6779AD /* MeetingsViewTests.swift */; };
		F735324626803159388F54EF /* DashboardView.swift in Sources */ = {isa = PBXBuildFile; fileRef = 805FBABA01057AAEA77CCF0D /* DashboardView.swift */; };
		F9D9027836F3132FDD8F6297 /* main.swift in Sources */ = {isa = PBXBuildFile; fileRef = 827CE03FB82C7640D64E4D97 /* main.swift */; };
		FC481AC96D97F01753A861B0 /* DeskCoreTests.swift in Sources */ = {isa = PBXBuildFile; fileRef = 1307E6EBAC2FAE650F0DC729 /* DeskCoreTests.swift */; };
/* End PBXBuildFile section */

/* Begin PBXContainerItemProxy section */
		5DF37820BC8DB6933E8626D0 /* PBXContainerItemProxy */ = {
			isa = PBXContainerItemProxy;
			containerPortal = B16AC75A29E1886143661B51 /* Project object */;
			proxyType = 1;
			remoteGlobalIDString = BC6FC56C1B486EFD0DE648A9;
			remoteInfo = SymDeskCore;
		};
		D30EF011B1259F13302B72D3 /* PBXContainerItemProxy */ = {
			isa = PBXContainerItemProxy;
			containerPortal = B16AC75A29E1886143661B51 /* Project object */;
			proxyType = 1;
			remoteGlobalIDString = EBE65B0E9E86B3B5C227733D;
			remoteInfo = SymDesk;
		};
		DCD2E9AC22CC96B534EA61E3 /* PBXContainerItemProxy */ = {
			isa = PBXContainerItemProxy;
			containerPortal = B16AC75A29E1886143661B51 /* Project object */;
			proxyType = 1;
			remoteGlobalIDString = BC6FC56C1B486EFD0DE648A9;
			remoteInfo = SymDeskCore;
		};
		E792DFE1DAF57D21D9B41925 /* PBXContainerItemProxy */ = {
			isa = PBXContainerItemProxy;
			containerPortal = B16AC75A29E1886143661B51 /* Project object */;
			proxyType = 1;
			remoteGlobalIDString = BC6FC56C1B486EFD0DE648A9;
			remoteInfo = SymDeskCore;
		};
		FB869F7E3FE524A01143E2E8 /* PBXContainerItemProxy */ = {
			isa = PBXContainerItemProxy;
			containerPortal = B16AC75A29E1886143661B51 /* Project object */;
			proxyType = 1;
			remoteGlobalIDString = EC2E2EF97B4E9B5D7E102563;
			remoteInfo = SymDeskMobile;
		};
/* End PBXContainerItemProxy section */

/* Begin PBXFileReference section */
		02391589A785587023B6522C /* TagBrowserView.swift */ = {isa = PBXFileReference; lastKnownFileType = sourcecode.swift; path = TagBrowserView.swift; sourceTree = "<group>"; };
		07FC117A1033D88F0534B546 /* SymDeskAppTests.xctest */ = {isa = PBXFileReference; explicitFileType = wrapper.cfbundle; includeInIndex = 0; path = SymDeskAppTests.xctest; sourceTree = BUILT_PRODUCTS_DIR; };
		0C3A8CB17DABF0648A84D9C6 /* ParticipantConfirmationView.swift */ = {isa = PBXFileReference; lastKnownFileType = sourcecode.swift; path = ParticipantConfirmationView.swift; sourceTree = "<group>"; };
		0CAE9E046D07652DF79A3000 /* SymDeskMobileApp.swift */ = {isa = PBXFileReference; lastKnownFileType = sourcecode.swift; path = SymDeskMobileApp.swift; sourceTree = "<group>"; };
		0D31AEB4D808A7B5F64134E1 /* UpdateInstaller.swift */ = {isa = PBXFileReference; lastKnownFileType = sourcecode.swift; path = UpdateInstaller.swift; sourceTree = "<group>"; };
		0F5CBE2CE55A95870F3464BE /* ServerConnection.swift */ = {isa = PBXFileReference; lastKnownFileType = sourcecode.swift; path = ServerConnection.swift; sourceTree = "<group>"; };
		1307E6EBAC2FAE650F0DC729 /* DeskCoreTests.swift */ = {isa = PBXFileReference; lastKnownFileType = sourcecode.swift; path = DeskCoreTests.swift; sourceTree = "<group>"; };
		15ADDCBD65EB529378EF6DC5 /* DiscoverView.swift */ = {isa = PBXFileReference; lastKnownFileType = sourcecode.swift; path = DiscoverView.swift; sourceTree = "<group>"; };
		1EEEC588B327739FBAF693D4 /* DbViewTable.swift */ = {isa = PBXFileReference; lastKnownFileType = sourcecode.swift; path = DbViewTable.swift; sourceTree = "<group>"; };
		1F547CF59C20684A5051D6B5 /* MarkdownEditorView.swift */ = {isa = PBXFileReference; lastKnownFileType = sourcecode.swift; path = MarkdownEditorView.swift; sourceTree = "<group>"; };
		203CD374D08A6A18BE8EF95A /* Info.plist */ = {isa = PBXFileReference; lastKnownFileType = text.plist; path = Info.plist; sourceTree = "<group>"; };
		20BC6F58C62B4760E83EF56B /* DbViewEditor.swift */ = {isa = PBXFileReference; lastKnownFileType = sourcecode.swift; path = DbViewEditor.swift; sourceTree = "<group>"; };
		2277ACA3457731ED5743E9C9 /* MobileTheme.swift */ = {isa = PBXFileReference; lastKnownFileType = sourcecode.swift; path = MobileTheme.swift; sourceTree = "<group>"; };
		22BF7512AD5CE2E3A5DE514E /* Assets.xcassets */ = {isa = PBXFileReference; lastKnownFileType = folder.assetcatalog; path = Assets.xcassets; sourceTree = "<group>"; };
		233223A3C27BEA490CADB82C /* NotificationScheduler.swift */ = {isa = PBXFileReference; lastKnownFileType = sourcecode.swift; path = NotificationScheduler.swift; sourceTree = "<group>"; };
		23EBE73852F5829E6BB25B82 /* NotificationManager.swift */ = {isa = PBXFileReference; lastKnownFileType = sourcecode.swift; path = NotificationManager.swift; sourceTree = "<group>"; };
		24A66FCAE94BEB5D93BE972B /* BlockNode.swift */ = {isa = PBXFileReference; lastKnownFileType = sourcecode.swift; path = BlockNode.swift; sourceTree = "<group>"; };
		271AD84AE42D56DEA05C9642 /* CompanionToolsView.swift */ = {isa = PBXFileReference; lastKnownFileType = sourcecode.swift; path = CompanionToolsView.swift; sourceTree = "<group>"; };
		278FA07C11ECADBCDFD4ED6B /* MeetingKnowledgeReviewView.swift */ = {isa = PBXFileReference; lastKnownFileType = sourcecode.swift; path = MeetingKnowledgeReviewView.swift; sourceTree = "<group>"; };
		2B442ECE47F4FC2E662B8D33 /* DeskTransport.swift */ = {isa = PBXFileReference; lastKnownFileType = sourcecode.swift; path = DeskTransport.swift; sourceTree = "<group>"; };
		2FBA5128D6B234381F73178F /* SymDesk.app */ = {isa = PBXFileReference; explicitFileType = wrapper.application; includeInIndex = 0; path = SymDesk.app; sourceTree = BUILT_PRODUCTS_DIR; };
		34D4E18EEA985A7CCFB138B7 /* MeetingsView.swift */ = {isa = PBXFileReference; lastKnownFileType = sourcecode.swift; path = MeetingsView.swift; sourceTree = "<group>"; };
		36ACCC6F6DD37EEAD70151F2 /* ClassificationRulesViewModel.swift */ = {isa = PBXFileReference; lastKnownFileType = sourcecode.swift; path = ClassificationRulesViewModel.swift; sourceTree = "<group>"; };
		37BB0170D51D31EB825E5869 /* UpdateInstallerTests.swift */ = {isa = PBXFileReference; lastKnownFileType = sourcecode.swift; path = UpdateInstallerTests.swift; sourceTree = "<group>"; };
		39D62AD2CAE794AD863C9E92 /* DbViewTimeline.swift */ = {isa = PBXFileReference; lastKnownFileType = sourcecode.swift; path = DbViewTimeline.swift; sourceTree = "<group>"; };
		4361A3B66293519600E22473 /* MarkdownPreview.swift */ = {isa = PBXFileReference; lastKnownFileType = sourcecode.swift; path = MarkdownPreview.swift; sourceTree = "<group>"; };
		48223DCBE4FF19264208BCB3 /* DbViewCalendar.swift */ = {isa = PBXFileReference; lastKnownFileType = sourcecode.swift; path = DbViewCalendar.swift; sourceTree = "<group>"; };
		4CA283F51817DD589D19ADB4 /* NotificationManagerTests.swift */ = {isa = PBXFileReference; lastKnownFileType = sourcecode.swift; path = NotificationManagerTests.swift; sourceTree = "<group>"; };
		51C61A8C8D833F893CA57C53 /* TagEntry.swift */ = {isa = PBXFileReference; lastKnownFileType = sourcecode.swift; path = TagEntry.swift; sourceTree = "<group>"; };
		56278C647AEC161C2B94531F /* PropertiesInspector.swift */ = {isa = PBXFileReference; lastKnownFileType = sourcecode.swift; path = PropertiesInspector.swift; sourceTree = "<group>"; };
		565FECB395ABE250121EC9A8 /* MobileNoteDetailView.swift */ = {isa = PBXFileReference; lastKnownFileType = sourcecode.swift; path = MobileNoteDetailView.swift; sourceTree = "<group>"; };
		59762A8D6DF418D30855BEDA /* OnboardingView.swift */ = {isa = PBXFileReference; lastKnownFileType = sourcecode.swift; path = OnboardingView.swift; sourceTree = "<group>"; };
		6031E3F5930844C981F51544 /* MeetingAudioPlayer.swift */ = {isa = PBXFileReference; lastKnownFileType = sourcecode.swift; path = MeetingAudioPlayer.swift; sourceTree = "<group>"; };
		61EE8B62E86F8FE234837F0A /* ContentView.swift */ = {isa = PBXFileReference; lastKnownFileType = sourcecode.swift; path = ContentView.swift; sourceTree = "<group>"; };
		6249D84E9A4012E9E8B0BFDB /* MarkdownTable.swift */ = {isa = PBXFileReference; lastKnownFileType = sourcecode.swift; path = MarkdownTable.swift; sourceTree = "<group>"; };
		63AF82D799029EFC1957DB2F /* DbViewGallery.swift */ = {isa = PBXFileReference; lastKnownFileType = sourcecode.swift; path = DbViewGallery.swift; sourceTree = "<group>"; };
		641C263A0947A7D1CCBE84E3 /* Info.plist */ = {isa = PBXFileReference; lastKnownFileType = text.plist; path = Info.plist; sourceTree = "<group>"; };
		701CAD285D8A611C5C6779AD /* MeetingsViewTests.swift */ = {isa = PBXFileReference; lastKnownFileType = sourcecode.swift; path = MeetingsViewTests.swift; sourceTree = "<group>"; };
		748F5E216CEC59B66740A482 /* DeskTransportTests.swift */ = {isa = PBXFileReference; lastKnownFileType = sourcecode.swift; path = DeskTransportTests.swift; sourceTree = "<group>"; };
		7508239A9019F2C46A80B902 /* fake-symdesk.sh */ = {isa = PBXFileReference; lastKnownFileType = text.script.sh; path = "fake-symdesk.sh"; sourceTree = "<group>"; };
		78F76334FF1AA665F17F9B0C /* DbViewBoard.swift */ = {isa = PBXFileReference; lastKnownFileType = sourcecode.swift; path = DbViewBoard.swift; sourceTree = "<group>"; };
		7946F6B3E83FEFA35F91B69F /* SpeakerReviewPanel.swift */ = {isa = PBXFileReference; lastKnownFileType = sourcecode.swift; path = SpeakerReviewPanel.swift; sourceTree = "<group>"; };
		805FBABA01057AAEA77CCF0D /* DashboardView.swift */ = {isa = PBXFileReference; lastKnownFileType = sourcecode.swift; path = DashboardView.swift; sourceTree = "<group>"; };
		827CE03FB82C7640D64E4D97 /* main.swift */ = {isa = PBXFileReference; lastKnownFileType = sourcecode.swift; path = main.swift; sourceTree = "<group>"; };
		8948F04EC3090C19864630CC /* AsyncActionTrackerTests.swift */ = {isa = PBXFileReference; lastKnownFileType = sourcecode.swift; path = AsyncActionTrackerTests.swift; sourceTree = "<group>"; };
		8EBD01F47531831816ECBBC9 /* AsyncActionTracker.swift */ = {isa = PBXFileReference; lastKnownFileType = sourcecode.swift; path = AsyncActionTracker.swift; sourceTree = "<group>"; };
		937E397B9A403351E2774A73 /* MobileVault.swift */ = {isa = PBXFileReference; lastKnownFileType = sourcecode.swift; path = MobileVault.swift; sourceTree = "<group>"; };
		93B2D66520688E3347706F2A /* MarkdownPreviewTests.swift */ = {isa = PBXFileReference; lastKnownFileType = sourcecode.swift; path = MarkdownPreviewTests.swift; sourceTree = "<group>"; };
		95355A68097983C9F84AE919 /* EventWatcher.swift */ = {isa = PBXFileReference; lastKnownFileType = sourcecode.swift; path = EventWatcher.swift; sourceTree = "<group>"; };
		95A9CC7BD653D742BBD137CC /* MeetingReviewView.swift */ = {isa = PBXFileReference; lastKnownFileType = sourcecode.swift; path = MeetingReviewView.swift; sourceTree = "<group>"; };
		95BE33F6E50098539F916385 /* ClassificationRulesViewModelTests.swift */ = {isa = PBXFileReference; lastKnownFileType = sourcecode.swift; path = ClassificationRulesViewModelTests.swift; sourceTree = "<group>"; };
		9A3B1306D1D67D45CE845EAF /* VaultAssets.swift */ = {isa = PBXFileReference; lastKnownFileType = sourcecode.swift; path = VaultAssets.swift; sourceTree = "<group>"; };
		9C51F0367577777D2D842F81 /* ReviewLaneView.swift */ = {isa = PBXFileReference; lastKnownFileType = sourcecode.swift; path = ReviewLaneView.swift; sourceTree = "<group>"; };
		9E0EF47CC7E6B528447433E8 /* AIDockView.swift */ = {isa = PBXFileReference; lastKnownFileType = sourcecode.swift; path = AIDockView.swift; sourceTree = "<group>"; };
		9E65A058CCDDBCCFB506217C /* MarkdownPreviewView.swift */ = {isa = PBXFileReference; lastKnownFileType = sourcecode.swift; path = MarkdownPreviewView.swift; sourceTree = "<group>"; };
		9FA57E256040FF30C447766E /* RulesSettingsView.swift */ = {isa = PBXFileReference; lastKnownFileType = sourcecode.swift; path = RulesSettingsView.swift; sourceTree = "<group>"; };
		A175D91D3D83560906E78387 /* VaultConfig.swift */ = {isa = PBXFileReference; lastKnownFileType = sourcecode.swift; path = VaultConfig.swift; sourceTree = "<group>"; };
		A2BC2A21B0BFAB4B7F22A054 /* MeetingReviewModelTests.swift */ = {isa = PBXFileReference; lastKnownFileType = sourcecode.swift; path = MeetingReviewModelTests.swift; sourceTree = "<group>"; };
		A2FC4C3A298D87F74C40AD0D /* DocumentThumbnailView.swift */ = {isa = PBXFileReference; lastKnownFileType = sourcecode.swift; path = DocumentThumbnailView.swift; sourceTree = "<group>"; };
		A60D1BDE16EFA4EF064577CB /* TranscriptTimelineView.swift */ = {isa = PBXFileReference; lastKnownFileType = sourcecode.swift; path = TranscriptTimelineView.swift; sourceTree = "<group>"; };
		A68D64871B4AA84AF8340744 /* MobileVaultParserTests.swift */ = {isa = PBXFileReference; lastKnownFileType = sourcecode.swift; path = MobileVaultParserTests.swift; sourceTree = "<group>"; };
		AF3DE41EB61C376999197AEF /* libSymDeskCore.a */ = {isa = PBXFileReference; explicitFileType = archive.ar; includeInIndex = 0; path = libSymDeskCore.a; sourceTree = BUILT_PRODUCTS_DIR; };
		AF74B31CB37D574E3AC69032 /* DocumentGridView.swift */ = {isa = PBXFileReference; lastKnownFileType = sourcecode.swift; path = DocumentGridView.swift; sourceTree = "<group>"; };
		B0F34CB14C3886867573D63C /* HistoryView.swift */ = {isa = PBXFileReference; lastKnownFileType = sourcecode.swift; path = HistoryView.swift; sourceTree = "<group>"; };
		B19FB8752DF2B7914F917FAE /* Assets.xcassets */ = {isa = PBXFileReference; lastKnownFileType = folder.assetcatalog; path = Assets.xcassets; sourceTree = "<group>"; };
		B58CE1AAB047E5C20B8DBC43 /* BlockEditorView.swift */ = {isa = PBXFileReference; lastKnownFileType = sourcecode.swift; path = BlockEditorView.swift; sourceTree = "<group>"; };
		B652D24B94E01B080A5139C0 /* IngestQueueView.swift */ = {isa = PBXFileReference; lastKnownFileType = sourcecode.swift; path = IngestQueueView.swift; sourceTree = "<group>"; };
		BB47DE4186F80D337DC11BD3 /* DocumentViewerView.swift */ = {isa = PBXFileReference; lastKnownFileType = sourcecode.swift; path = DocumentViewerView.swift; sourceTree = "<group>"; };
		BBD325D2A25FDF9FA519A6FA /* SymDeskApp.swift */ = {isa = PBXFileReference; lastKnownFileType = sourcecode.swift; path = SymDeskApp.swift; sourceTree = "<group>"; };
		BD503BDFC58C49F251B9A606 /* MarkdownTableTests.swift */ = {isa = PBXFileReference; lastKnownFileType = sourcecode.swift; path = MarkdownTableTests.swift; sourceTree = "<group>"; };
		BFA27EFFC69A6E08B2972334 /* DocumentCardTests.swift */ = {isa = PBXFileReference; lastKnownFileType = sourcecode.swift; path = DocumentCardTests.swift; sourceTree = "<group>"; };
		BFCFA06E53EB66006F8169C7 /* TrashView.swift */ = {isa = PBXFileReference; lastKnownFileType = sourcecode.swift; path = TrashView.swift; sourceTree = "<group>"; };
		C41A2D45CCFD80688933E2FC /* MobileRootView.swift */ = {isa = PBXFileReference; lastKnownFileType = sourcecode.swift; path = MobileRootView.swift; sourceTree = "<group>"; };
		C43BCCCFE7CE2ED77DAFCF5D /* SymDeskMobileTests.xctest */ = {isa = PBXFileReference; includeInIndex = 0; lastKnownFileType = wrapper.cfbundle; path = SymDeskMobileTests.xctest; sourceTree = BUILT_PRODUCTS_DIR; };
		C65122A6938268B750A79E55 /* NotificationCenterProviding.swift */ = {isa = PBXFileReference; lastKnownFileType = sourcecode.swift; path = NotificationCenterProviding.swift; sourceTree = "<group>"; };
		C7BA0DB3A5FA63448B1F7895 /* MobileServerConnection.swift */ = {isa = PBXFileReference; lastKnownFileType = sourcecode.swift; path = MobileServerConnection.swift; sourceTree = "<group>"; };
		CAD6A1DD667A2F7EA1706073 /* SymDeskCoreTests.xctest */ = {isa = PBXFileReference; explicitFileType = wrapper.cfbundle; includeInIndex = 0; path = SymDeskCoreTests.xctest; sourceTree = BUILT_PRODUCTS_DIR; };
		CB445023E5B108D54E2CADF5 /* SymDeskDesign.swift */ = {isa = PBXFileReference; lastKnownFileType = sourcecode.swift; path = SymDeskDesign.swift; sourceTree = "<group>"; };
		D08CDFA027DFDFE0F07CFBA5 /* MeetingModels.swift */ = {isa = PBXFileReference; lastKnownFileType = sourcecode.swift; path = MeetingModels.swift; sourceTree = "<group>"; };
		D12A33A921664E123D86FAF9 /* SymDeskMobile.app */ = {isa = PBXFileReference; includeInIndex = 0; lastKnownFileType = wrapper.application; path = SymDeskMobile.app; sourceTree = BUILT_PRODUCTS_DIR; };
		D23C8BFA56B2714D100315DB /* DbViewList.swift */ = {isa = PBXFileReference; lastKnownFileType = sourcecode.swift; path = DbViewList.swift; sourceTree = "<group>"; };
		D3377E99C5896425F50A2293 /* TagStore.swift */ = {isa = PBXFileReference; lastKnownFileType = sourcecode.swift; path = TagStore.swift; sourceTree = "<group>"; };
		EDBAE07809E36B3393ACA8A0 /* LiquidGlass.swift */ = {isa = PBXFileReference; lastKnownFileType = sourcecode.swift; path = LiquidGlass.swift; sourceTree = "<group>"; };
		F136EF877D776AFD6D2CE697 /* CommandPalette.swift */ = {isa = PBXFileReference; lastKnownFileType = sourcecode.swift; path = CommandPalette.swift; sourceTree = "<group>"; };
		F756739286BF26EA17456C99 /* DeskCore.swift */ = {isa = PBXFileReference; lastKnownFileType = sourcecode.swift; path = DeskCore.swift; sourceTree = "<group>"; };
		FB4B7F3287A383E8C979FE50 /* MeetingReviewModel.swift */ = {isa = PBXFileReference; lastKnownFileType = sourcecode.swift; path = MeetingReviewModel.swift; sourceTree = "<group>"; };
		FF662679454A1D5730ECD171 /* GraphView.swift */ = {isa = PBXFileReference; lastKnownFileType = sourcecode.swift; path = GraphView.swift; sourceTree = "<group>"; };
/* End PBXFileReference section */

/* Begin PBXFrameworksBuildPhase section */
		4FF95C5F4C89D6679D83CC19 /* Frameworks */ = {
			isa = PBXFrameworksBuildPhase;
			buildActionMask = 2147483647;
			files = (
				DAC3E722A9EF65A8E65C68FB /* libSymDeskCore.a in Frameworks */,
				2BC4F88B2DF3C7035A2030A1 /* SymairaTheme in Frameworks */,
				E0949CE5566FE358143A90F3 /* SymairaCLIRunner in Frameworks */,
				5698513BA081E184D06175F5 /* SymairaToolKit in Frameworks */,
				C538D3C4A6BE4D9208A2DCCE /* SymairaUpdateCheck in Frameworks */,
				DAC209DBEC4B228C9C2E0C65 /* SymairaIngestContract in Frameworks */,
			);
			runOnlyForDeploymentPostprocessing = 0;
		};
		60CC889C3FAFE4D9587F52F7 /* Frameworks */ = {
			isa = PBXFrameworksBuildPhase;
			buildActionMask = 2147483647;
			files = (
				38E3530E7E3A4E1D85CBC384 /* libSymDeskCore.a in Frameworks */,
				14F891ABD3302502994CB064 /* SymairaTheme in Frameworks */,
				501D1A781F9C96208374CF89 /* SymairaCLIRunner in Frameworks */,
				9CB84C5DEC5DFAA645786C79 /* SymairaToolKit in Frameworks */,
				5559B886DFF79DF05589717E /* SymairaUpdateCheck in Frameworks */,
				818D035A27199BE0E1034DE8 /* SymairaIngestContract in Frameworks */,
			);
			runOnlyForDeploymentPostprocessing = 0;
		};
		D76BB966D061F5FF849DABD9 /* Frameworks */ = {
			isa = PBXFrameworksBuildPhase;
			buildActionMask = 2147483647;
			files = (
				CCD6C165B5907E502AD44496 /* libSymDeskCore.a in Frameworks */,
				1D14D610EF1CD193F0A97065 /* SymairaTheme in Frameworks */,
				EDBAB66DD3722499129B80AE /* SymairaCLIRunner in Frameworks */,
				71F20F1D5036D27530C70F14 /* SymairaToolKit in Frameworks */,
				C336F49BE61DBF2A7C03CE8E /* SymairaUpdateCheck in Frameworks */,
				F157E0C3058BA227E6106A58 /* SymairaIngestContract in Frameworks */,
			);
			runOnlyForDeploymentPostprocessing = 0;
		};
/* End PBXFrameworksBuildPhase section */

/* Begin PBXGroup section */
		17D7D58227078ADF1C6B20D6 /* SymDeskCore */ = {
			isa = PBXGroup;
			children = (
				36ACCC6F6DD37EEAD70151F2 /* ClassificationRulesViewModel.swift */,
				F756739286BF26EA17456C99 /* DeskCore.swift */,
				2B442ECE47F4FC2E662B8D33 /* DeskTransport.swift */,
				95355A68097983C9F84AE919 /* EventWatcher.swift */,
				4361A3B66293519600E22473 /* MarkdownPreview.swift */,
				6249D84E9A4012E9E8B0BFDB /* MarkdownTable.swift */,
				233223A3C27BEA490CADB82C /* NotificationScheduler.swift */,
				0F5CBE2CE55A95870F3464BE /* ServerConnection.swift */,
				0D31AEB4D808A7B5F64134E1 /* UpdateInstaller.swift */,
				9A3B1306D1D67D45CE845EAF /* VaultAssets.swift */,
				A175D91D3D83560906E78387 /* VaultConfig.swift */,
			);
			name = SymDeskCore;
			path = Sources/SymDeskCore;
			sourceTree = "<group>";
		};
		1A9C7AB057DAB782D2D7E840 = {
			isa = PBXGroup;
			children = (
				4A8DF8842903AB56DF8195DC /* SymDeskApp */,
				ABFA5EB21A42FE473AFC31B1 /* SymDeskAppTests */,
				17D7D58227078ADF1C6B20D6 /* SymDeskCore */,
				DA2742E89980CD002E2764B6 /* SymDeskCoreTests */,
				6F4FF8A139ED6CEFD8F23F76 /* SymDeskMobile */,
				71260B70D7AB7489C71887C3 /* SymDeskMobileTests */,
				CC9141033E8D444BB9496E52 /* Products */,
			);
			sourceTree = "<group>";
		};
		362E9BEEFFBA097C15F5579C /* Models */ = {
			isa = PBXGroup;
			children = (
				8EBD01F47531831816ECBBC9 /* AsyncActionTracker.swift */,
				24A66FCAE94BEB5D93BE972B /* BlockNode.swift */,
				D08CDFA027DFDFE0F07CFBA5 /* MeetingModels.swift */,
				FB4B7F3287A383E8C979FE50 /* MeetingReviewModel.swift */,
				51C61A8C8D833F893CA57C53 /* TagEntry.swift */,
				D3377E99C5896425F50A2293 /* TagStore.swift */,
			);
			path = Models;
			sourceTree = "<group>";
		};
		4A8DF8842903AB56DF8195DC /* SymDeskApp */ = {
			isa = PBXGroup;
			children = (
				B19FB8752DF2B7914F917FAE /* Assets.xcassets */,
				61EE8B62E86F8FE234837F0A /* ContentView.swift */,
				641C263A0947A7D1CCBE84E3 /* Info.plist */,
				827CE03FB82C7640D64E4D97 /* main.swift */,
				C65122A6938268B750A79E55 /* NotificationCenterProviding.swift */,
				23EBE73852F5829E6BB25B82 /* NotificationManager.swift */,
				BBD325D2A25FDF9FA519A6FA /* SymDeskApp.swift */,
				362E9BEEFFBA097C15F5579C /* Models */,
				4EC33A4FB80D80BF52DF3EBF /* UI */,
			);
			name = SymDeskApp;
			path = Sources/SymDeskApp;
			sourceTree = "<group>";
		};
		4EC33A4FB80D80BF52DF3EBF /* UI */ = {
			isa = PBXGroup;
			children = (
				9E0EF47CC7E6B528447433E8 /* AIDockView.swift */,
				B58CE1AAB047E5C20B8DBC43 /* BlockEditorView.swift */,
				F136EF877D776AFD6D2CE697 /* CommandPalette.swift */,
				271AD84AE42D56DEA05C9642 /* CompanionToolsView.swift */,
				805FBABA01057AAEA77CCF0D /* DashboardView.swift */,
				78F76334FF1AA665F17F9B0C /* DbViewBoard.swift */,
				48223DCBE4FF19264208BCB3 /* DbViewCalendar.swift */,
				20BC6F58C62B4760E83EF56B /* DbViewEditor.swift */,
				63AF82D799029EFC1957DB2F /* DbViewGallery.swift */,
				D23C8BFA56B2714D100315DB /* DbViewList.swift */,
				1EEEC588B327739FBAF693D4 /* DbViewTable.swift */,
				39D62AD2CAE794AD863C9E92 /* DbViewTimeline.swift */,
				15ADDCBD65EB529378EF6DC5 /* DiscoverView.swift */,
				AF74B31CB37D574E3AC69032 /* DocumentGridView.swift */,
				A2FC4C3A298D87F74C40AD0D /* DocumentThumbnailView.swift */,
				BB47DE4186F80D337DC11BD3 /* DocumentViewerView.swift */,
				FF662679454A1D5730ECD171 /* GraphView.swift */,
				B0F34CB14C3886867573D63C /* HistoryView.swift */,
				B652D24B94E01B080A5139C0 /* IngestQueueView.swift */,
				EDBAE07809E36B3393ACA8A0 /* LiquidGlass.swift */,
				1F547CF59C20684A5051D6B5 /* MarkdownEditorView.swift */,
				9E65A058CCDDBCCFB506217C /* MarkdownPreviewView.swift */,
				6031E3F5930844C981F51544 /* MeetingAudioPlayer.swift */,
				278FA07C11ECADBCDFD4ED6B /* MeetingKnowledgeReviewView.swift */,
				95A9CC7BD653D742BBD137CC /* MeetingReviewView.swift */,
				34D4E18EEA985A7CCFB138B7 /* MeetingsView.swift */,
				59762A8D6DF418D30855BEDA /* OnboardingView.swift */,
				0C3A8CB17DABF0648A84D9C6 /* ParticipantConfirmationView.swift */,
				56278C647AEC161C2B94531F /* PropertiesInspector.swift */,
				9C51F0367577777D2D842F81 /* ReviewLaneView.swift */,
				9FA57E256040FF30C447766E /* RulesSettingsView.swift */,
				7946F6B3E83FEFA35F91B69F /* SpeakerReviewPanel.swift */,
				CB445023E5B108D54E2CADF5 /* SymDeskDesign.swift */,
				02391589A785587023B6522C /* TagBrowserView.swift */,
				A60D1BDE16EFA4EF064577CB /* TranscriptTimelineView.swift */,
				BFCFA06E53EB66006F8169C7 /* TrashView.swift */,
			);
			path = UI;
			sourceTree = "<group>";
		};
		6010C9B620B0150FC9F82BF5 /* Fixtures */ = {
			isa = PBXGroup;
			children = (
				7508239A9019F2C46A80B902 /* fake-symdesk.sh */,
			);
			path = Fixtures;
			sourceTree = "<group>";
		};
		6F4FF8A139ED6CEFD8F23F76 /* SymDeskMobile */ = {
			isa = PBXGroup;
			children = (
				22BF7512AD5CE2E3A5DE514E /* Assets.xcassets */,
				203CD374D08A6A18BE8EF95A /* Info.plist */,
				565FECB395ABE250121EC9A8 /* MobileNoteDetailView.swift */,
				C41A2D45CCFD80688933E2FC /* MobileRootView.swift */,
				C7BA0DB3A5FA63448B1F7895 /* MobileServerConnection.swift */,
				2277ACA3457731ED5743E9C9 /* MobileTheme.swift */,
				937E397B9A403351E2774A73 /* MobileVault.swift */,
				0CAE9E046D07652DF79A3000 /* SymDeskMobileApp.swift */,
			);
			name = SymDeskMobile;
			path = Sources/SymDeskMobile;
			sourceTree = "<group>";
		};
		71260B70D7AB7489C71887C3 /* SymDeskMobileTests */ = {
			isa = PBXGroup;
			children = (
				A68D64871B4AA84AF8340744 /* MobileVaultParserTests.swift */,
			);
			name = SymDeskMobileTests;
			path = Tests/SymDeskMobileTests;
			sourceTree = "<group>";
		};
		ABFA5EB21A42FE473AFC31B1 /* SymDeskAppTests */ = {
			isa = PBXGroup;
			children = (
				8948F04EC3090C19864630CC /* AsyncActionTrackerTests.swift */,
				BFA27EFFC69A6E08B2972334 /* DocumentCardTests.swift */,
				A2BC2A21B0BFAB4B7F22A054 /* MeetingReviewModelTests.swift */,
				701CAD285D8A611C5C6779AD /* MeetingsViewTests.swift */,
				4CA283F51817DD589D19ADB4 /* NotificationManagerTests.swift */,
			);
			name = SymDeskAppTests;
			path = Tests/SymDeskAppTests;
			sourceTree = "<group>";
		};
		CC9141033E8D444BB9496E52 /* Products */ = {
			isa = PBXGroup;
			children = (
				AF3DE41EB61C376999197AEF /* libSymDeskCore.a */,
				2FBA5128D6B234381F73178F /* SymDesk.app */,
				07FC117A1033D88F0534B546 /* SymDeskAppTests.xctest */,
				CAD6A1DD667A2F7EA1706073 /* SymDeskCoreTests.xctest */,
				D12A33A921664E123D86FAF9 /* SymDeskMobile.app */,
				C43BCCCFE7CE2ED77DAFCF5D /* SymDeskMobileTests.xctest */,
			);
			name = Products;
			sourceTree = "<group>";
		};
		DA2742E89980CD002E2764B6 /* SymDeskCoreTests */ = {
			isa = PBXGroup;
			children = (
				95BE33F6E50098539F916385 /* ClassificationRulesViewModelTests.swift */,
				1307E6EBAC2FAE650F0DC729 /* DeskCoreTests.swift */,
				748F5E216CEC59B66740A482 /* DeskTransportTests.swift */,
				93B2D66520688E3347706F2A /* MarkdownPreviewTests.swift */,
				BD503BDFC58C49F251B9A606 /* MarkdownTableTests.swift */,
				37BB0170D51D31EB825E5869 /* UpdateInstallerTests.swift */,
				6010C9B620B0150FC9F82BF5 /* Fixtures */,
			);
			name = SymDeskCoreTests;
			path = Tests/SymDeskCoreTests;
			sourceTree = "<group>";
		};
/* End PBXGroup section */

/* Begin PBXNativeTarget section */
		1191E80726DB65508E36E4E1 /* SymDeskCoreTests */ = {
			isa = PBXNativeTarget;
			buildConfigurationList = D49042C5C1C7405E8AEB9A9D /* Build configuration list for PBXNativeTarget "SymDeskCoreTests" */;
			buildPhases = (
				E144D686F999064274379398 /* Sources */,
				5A3DA0BF0EEE60A7D245B173 /* Resources */,
				D76BB966D061F5FF849DABD9 /* Frameworks */,
			);
			buildRules = (
			);
			dependencies = (
				3C18987F3E7A3E87D38B4E58 /* PBXTargetDependency */,
			);
			name = SymDeskCoreTests;
			packageProductDependencies = (
				AAA444735FB3AB708D3BD4C4 /* SymairaTheme */,
				E20080EE08C0202FC164E192 /* SymairaCLIRunner */,
				3BEF32958D7F1CBB107FC724 /* SymairaToolKit */,
				596C4C9EB9845BC180C460A4 /* SymairaUpdateCheck */,
				6730086BD27F282EAE58D774 /* SymairaIngestContract */,
			);
			productName = SymDeskCoreTests;
			productReference = CAD6A1DD667A2F7EA1706073 /* SymDeskCoreTests.xctest */;
			productType = "com.apple.product-type.bundle.unit-test";
		};
		5EF7E5B99EA038662423E264 /* SymDeskAppTests */ = {
			isa = PBXNativeTarget;
			buildConfigurationList = F9B5C74666B4FEEF47060880 /* Build configuration list for PBXNativeTarget "SymDeskAppTests" */;
			buildPhases = (
				0B3A9CACD808B6A59F243DEF /* Sources */,
				4FF95C5F4C89D6679D83CC19 /* Frameworks */,
			);
			buildRules = (
			);
			dependencies = (
				9CBA4695917F0F72C96DBDE7 /* PBXTargetDependency */,
				D04E98524EB0D05066401857 /* PBXTargetDependency */,
			);
			name = SymDeskAppTests;
			packageProductDependencies = (
				B65D992D4DD6927D37A99FCD /* SymairaTheme */,
				5B81234FBF41E06530F2A5C1 /* SymairaCLIRunner */,
				FB4C7E4FD05930A9DBAFDE35 /* SymairaToolKit */,
				4D0E14080504B77CA18BBA53 /* SymairaUpdateCheck */,
				834BF5FB29F232C62B0E48E4 /* SymairaIngestContract */,
			);
			productName = SymDeskAppTests;
			productReference = 07FC117A1033D88F0534B546 /* SymDeskAppTests.xctest */;
			productType = "com.apple.product-type.bundle.unit-test";
		};
		677F9797FB4D31DE40A190E0 /* SymDeskMobileTests */ = {
			isa = PBXNativeTarget;
			buildConfigurationList = E8B55D667B25BDC917D59B60 /* Build configuration list for PBXNativeTarget "SymDeskMobileTests" */;
			buildPhases = (
				7536EEF778A0FCF739B2A3A8 /* Sources */,
			);
			buildRules = (
			);
			dependencies = (
				2FE2A478EB6213861AB562BC /* PBXTargetDependency */,
			);
			name = SymDeskMobileTests;
			packageProductDependencies = (
			);
			productName = SymDeskMobileTests;
			productReference = C43BCCCFE7CE2ED77DAFCF5D /* SymDeskMobileTests.xctest */;
			productType = "com.apple.product-type.bundle.unit-test";
		};
		BC6FC56C1B486EFD0DE648A9 /* SymDeskCore */ = {
			isa = PBXNativeTarget;
			buildConfigurationList = E06923F09327F89C7E623B40 /* Build configuration list for PBXNativeTarget "SymDeskCore" */;
			buildPhases = (
				5FEC3BD1C9343D84099B17B1 /* Sources */,
				6BC0A652495F0DC35519721A /* Copy Swift Objective-C Interface Header */,
			);
			buildRules = (
			);
			dependencies = (
				54C33B77025B7D6DB5984DF0 /* PBXTargetDependency */,
				6B033B548A8AEBAB42DA8461 /* PBXTargetDependency */,
				97180F7C8898D161854F5194 /* PBXTargetDependency */,
				138AC3138B2CE91B37CF9606 /* PBXTargetDependency */,
				6A14BC1AE4C6B872D7E57DCE /* PBXTargetDependency */,
			);
			name = SymDeskCore;
			packageProductDependencies = (
				94B6A8A96E752CD29968F8C5 /* SymairaTheme */,
				7DACE6F490151A81E30DFF20 /* SymairaCLIRunner */,
				5DFC096D268296578B37AFE2 /* SymairaToolKit */,
				CA73FF20C975D4F48F801926 /* SymairaUpdateCheck */,
				FBAEA75DDFFB2C6838CBE531 /* SymairaIngestContract */,
			);
			productName = SymDeskCore;
			productReference = AF3DE41EB61C376999197AEF /* libSymDeskCore.a */;
			productType = "com.apple.product-type.library.static";
		};
		EBE65B0E9E86B3B5C227733D /* SymDesk */ = {
			isa = PBXNativeTarget;
			buildConfigurationList = 079F2CA691C01B6B40F36781 /* Build configuration list for PBXNativeTarget "SymDesk" */;
			buildPhases = (
				EB018DADCE29E07CE91D2661 /* Sources */,
				311D524130D35403C2562F8B /* Resources */,
				60CC889C3FAFE4D9587F52F7 /* Frameworks */,
			);
			buildRules = (
			);
			dependencies = (
				6CFA5F3555B890C195E6FD13 /* PBXTargetDependency */,
			);
			name = SymDesk;
			packageProductDependencies = (
				6BFDEE30809F14AC06D066FB /* SymairaTheme */,
				440538EBC91381E953CC1697 /* SymairaCLIRunner */,
				CCF15BEFF6E2B7C5BDE99A2A /* SymairaToolKit */,
				CFBC6F0BE1C9C08829AF5DC6 /* SymairaUpdateCheck */,
				A811DD5B1E907A8EF49849F7 /* SymairaIngestContract */,
			);
			productName = SymDesk;
			productReference = 2FBA5128D6B234381F73178F /* SymDesk.app */;
			productType = "com.apple.product-type.application";
		};
		EC2E2EF97B4E9B5D7E102563 /* SymDeskMobile */ = {
			isa = PBXNativeTarget;
			buildConfigurationList = ABC8005E2E8F20D340BEFFE5 /* Build configuration list for PBXNativeTarget "SymDeskMobile" */;
			buildPhases = (
				ED3D71D2BDF83885BB137B47 /* Sources */,
				652E82CBF0E784432943C8EB /* Resources */,
			);
			buildRules = (
			);
			dependencies = (
			);
			name = SymDeskMobile;
			packageProductDependencies = (
			);
			productName = SymDeskMobile;
			productReference = D12A33A921664E123D86FAF9 /* SymDeskMobile.app */;
			productType = "com.apple.product-type.application";
		};
/* End PBXNativeTarget section */

/* Begin PBXProject section */
		B16AC75A29E1886143661B51 /* Project object */ = {
			isa = PBXProject;
			attributes = {
				BuildIndependentTargetsInParallel = YES;
				LastUpgradeCheck = 1600;
				TargetAttributes = {
					EBE65B0E9E86B3B5C227733D = {
						ProvisioningStyle = Automatic;
					};
					EC2E2EF97B4E9B5D7E102563 = {
						ProvisioningStyle = Automatic;
					};
				};
			};
			buildConfigurationList = C8E0B1BB99C58DC47A687E81 /* Build configuration list for PBXProject "SymDesk" */;
			developmentRegion = en;
			hasScannedForEncodings = 0;
			knownRegions = (
				Base,
				en,
			);
			mainGroup = 1A9C7AB057DAB782D2D7E840;
			minimizedProjectReferenceProxies = 1;
			packageReferences = (
				6F9044F02A7E3CD6F55CC59A /* XCRemoteSwiftPackageReference "symaira-appkit" */,
			);
			preferredProjectObjectVersion = 77;
			productRefGroup = CC9141033E8D444BB9496E52 /* Products */;
			projectDirPath = "";
			projectRoot = "";
			targets = (
				BC6FC56C1B486EFD0DE648A9 /* SymDeskCore */,
				EBE65B0E9E86B3B5C227733D /* SymDesk */,
				1191E80726DB65508E36E4E1 /* SymDeskCoreTests */,
				5EF7E5B99EA038662423E264 /* SymDeskAppTests */,
				EC2E2EF97B4E9B5D7E102563 /* SymDeskMobile */,
				677F9797FB4D31DE40A190E0 /* SymDeskMobileTests */,
			);
		};
/* End PBXProject section */

/* Begin PBXResourcesBuildPhase section */
		311D524130D35403C2562F8B /* Resources */ = {
			isa = PBXResourcesBuildPhase;
			buildActionMask = 2147483647;
			files = (
				A069D366DE09F194427FA488 /* Assets.xcassets in Resources */,
			);
			runOnlyForDeploymentPostprocessing = 0;
		};
		5A3DA0BF0EEE60A7D245B173 /* Resources */ = {
			isa = PBXResourcesBuildPhase;
			buildActionMask = 2147483647;
			files = (
				1F4F7DB3673E6ECA5569DAB0 /* fake-symdesk.sh in Resources */,
			);
			runOnlyForDeploymentPostprocessing = 0;
		};
		652E82CBF0E784432943C8EB /* Resources */ = {
			isa = PBXResourcesBuildPhase;
			buildActionMask = 2147483647;
			files = (
				BF470309F3842EC5356B51C1 /* Assets.xcassets in Resources */,
			);
			runOnlyForDeploymentPostprocessing = 0;
		};
/* End PBXResourcesBuildPhase section */

/* Begin PBXShellScriptBuildPhase section */
		6BC0A652495F0DC35519721A /* Copy Swift Objective-C Interface Header */ = {
			isa = PBXShellScriptBuildPhase;
			buildActionMask = 2147483647;
			files = (
			);
			inputPaths = (
				"$(DERIVED_SOURCES_DIR)/$(SWIFT_OBJC_INTERFACE_HEADER_NAME)",
			);
			name = "Copy Swift Objective-C Interface Header";
			outputPaths = (
				"$(BUILT_PRODUCTS_DIR)/include/$(PRODUCT_MODULE_NAME)/$(SWIFT_OBJC_INTERFACE_HEADER_NAME)",
			);
			runOnlyForDeploymentPostprocessing = 0;
			shellPath = /bin/sh;
			shellScript = "ditto \"${SCRIPT_INPUT_FILE_0}\" \"${SCRIPT_OUTPUT_FILE_0}\"\n";
		};
/* End PBXShellScriptBuildPhase section */

/* Begin PBXSourcesBuildPhase section */
		0B3A9CACD808B6A59F243DEF /* Sources */ = {
			isa = PBXSourcesBuildPhase;
			buildActionMask = 2147483647;
			files = (
				0777864A7A6E975929B7A320 /* AsyncActionTrackerTests.swift in Sources */,
				95958AA9ACDAB632B1BAF7F8 /* DocumentCardTests.swift in Sources */,
				30F3B2FD4B8734AF6FFCA25A /* MeetingReviewModelTests.swift in Sources */,
				F2840BACD70B9D19E69E2AB7 /* MeetingsViewTests.swift in Sources */,
				D8DB6D940F2257736D24B15E /* NotificationManagerTests.swift in Sources */,
			);
			runOnlyForDeploymentPostprocessing = 0;
		};
		5FEC3BD1C9343D84099B17B1 /* Sources */ = {
			isa = PBXSourcesBuildPhase;
			buildActionMask = 2147483647;
			files = (
				2B00DA7BB2B7112DB63A3E17 /* ClassificationRulesViewModel.swift in Sources */,
				B4BBDCDD200A14353CFF2B9F /* DeskCore.swift in Sources */,
				BD65FAB6BE6B206D608452DB /* DeskTransport.swift in Sources */,
				D32E9B586B362E4914175291 /* EventWatcher.swift in Sources */,
				08DDB4F6EED7DA64407BA23B /* MarkdownPreview.swift in Sources */,
				2A33E6AC1739DB68412E9972 /* MarkdownTable.swift in Sources */,
				3D00605BDE73976880F49353 /* NotificationScheduler.swift in Sources */,
				197AD7BDF025042D4AFAFFBE /* ServerConnection.swift in Sources */,
				C85A4C45BB4E561D0049F805 /* UpdateInstaller.swift in Sources */,
				B0BB83ED23EB9B4B5F55EF19 /* VaultAssets.swift in Sources */,
				D0EC53A22588E1A56A3E2F2B /* VaultConfig.swift in Sources */,
			);
			runOnlyForDeploymentPostprocessing = 0;
		};
		7536EEF778A0FCF739B2A3A8 /* Sources */ = {
			isa = PBXSourcesBuildPhase;
			buildActionMask = 2147483647;
			files = (
				19D58D1D913AEA689B0EEA71 /* MobileVaultParserTests.swift in Sources */,
			);
			runOnlyForDeploymentPostprocessing = 0;
		};
		E144D686F999064274379398 /* Sources */ = {
			isa = PBXSourcesBuildPhase;
			buildActionMask = 2147483647;
			files = (
				03618B7F81A04FE3E3DD2B01 /* ClassificationRulesViewModelTests.swift in Sources */,
				FC481AC96D97F01753A861B0 /* DeskCoreTests.swift in Sources */,
				ACEECA392E62D5A594FF6F5B /* DeskTransportTests.swift in Sources */,
				8D9B2E4C882F19841C75104C /* MarkdownPreviewTests.swift in Sources */,
				62EF7665587A0B5275D86D6F /* MarkdownTableTests.swift in Sources */,
				5FD95A9B634F3C3A5DEC9547 /* UpdateInstallerTests.swift in Sources */,
			);
			runOnlyForDeploymentPostprocessing = 0;
		};
		EB018DADCE29E07CE91D2661 /* Sources */ = {
			isa = PBXSourcesBuildPhase;
			buildActionMask = 2147483647;
			files = (
				8D1D15CD36A1EDC8F6A23185 /* AIDockView.swift in Sources */,
				93AB4112A5820CC47B45DB2E /* AsyncActionTracker.swift in Sources */,
				52B0B883869C07C6C51D48C4 /* BlockEditorView.swift in Sources */,
				8297EAB48FFFA51F537F9351 /* BlockNode.swift in Sources */,
				D912C5E6E61A8D859E86A1F6 /* CommandPalette.swift in Sources */,
				0FCF15C93705A7EC381F622E /* CompanionToolsView.swift in Sources */,
				571C6E466AA0EACEBA689E1F /* ContentView.swift in Sources */,
				F735324626803159388F54EF /* DashboardView.swift in Sources */,
				2A9DFE1A981C4FBDB9D49061 /* DbViewBoard.swift in Sources */,
				274F640915B4D63279459C99 /* DbViewCalendar.swift in Sources */,
				CCDBBC249BD9A074D897717E /* DbViewEditor.swift in Sources */,
				00C7801D81436878B1F6C766 /* DbViewGallery.swift in Sources */,
				B88D845C3B8D9C6FEC6D7006 /* DbViewList.swift in Sources */,
				1F1FA22E3100184255CC3362 /* DbViewTable.swift in Sources */,
				85DECDD2DC5ADCC88C1E2BBC /* DbViewTimeline.swift in Sources */,
				894BF25DD7A7DE8807A137E1 /* DiscoverView.swift in Sources */,
				087490E1CC2A424C7AEF4AC1 /* DocumentGridView.swift in Sources */,
				C7C146956A2FA300951F787D /* DocumentThumbnailView.swift in Sources */,
				0C92622CE6B3BB5D9C7AEC4C /* DocumentViewerView.swift in Sources */,
				C56310271DF0FBD1ED258CCA /* GraphView.swift in Sources */,
				8EC2D4A9ACD0AE25F730956C /* HistoryView.swift in Sources */,
				64C0919422B9FBF88A826757 /* IngestQueueView.swift in Sources */,
				47B48D476FD69E6B4E906AF6 /* LiquidGlass.swift in Sources */,
				223A0903E7A1B2FF00EE3F7E /* MarkdownEditorView.swift in Sources */,
				190EF5D4BA2FFAFB08B28434 /* MarkdownPreviewView.swift in Sources */,
				4A0570925954FEF676DF3D27 /* MeetingAudioPlayer.swift in Sources */,
				C27BFEBB0F77B10FB04D8E2D /* MeetingKnowledgeReviewView.swift in Sources */,
				BB6C55D988F6B8302B5A25BB /* MeetingModels.swift in Sources */,
				94BE347F343E4274462CCFA1 /* MeetingReviewModel.swift in Sources */,
				0E431B578B8CAF857895099F /* MeetingReviewView.swift in Sources */,
				BC3F2F58982E1AA5456634AF /* MeetingsView.swift in Sources */,
				1ECCF881DFFB05C3E4DCA223 /* NotificationCenterProviding.swift in Sources */,
				40406909A4AAF62DD881D295 /* NotificationManager.swift in Sources */,
				A138AFCFEA44C4E485B65257 /* OnboardingView.swift in Sources */,
				951042A6C3918F1D3EA4CD32 /* ParticipantConfirmationView.swift in Sources */,
				AF33E56F24D6F0B026A98F5B /* PropertiesInspector.swift in Sources */,
				888252B8F6964BA6158F9CC6 /* ReviewLaneView.swift in Sources */,
				C238FC5C1826BF80F001CE50 /* RulesSettingsView.swift in Sources */,
				0AE00184D9CE91DCF6CD8E59 /* SpeakerReviewPanel.swift in Sources */,
				CBD99C1AAF0BA2BE2A136FA6 /* SymDeskApp.swift in Sources */,
				45C5391AC1D3FBABE28B94AF /* SymDeskDesign.swift in Sources */,
				AA0096EBBB63DF8E5B8A19CB /* TagBrowserView.swift in Sources */,
				649F594D8BA36896933EED49 /* TagEntry.swift in Sources */,
				C8E2BB8E6DEC50C4AF30AEA5 /* TagStore.swift in Sources */,
				6A91EA1E38A414D990E92D61 /* TranscriptTimelineView.swift in Sources */,
				C6F1120FFE339799B94C8BF7 /* TrashView.swift in Sources */,
				F9D9027836F3132FDD8F6297 /* main.swift in Sources */,
			);
			runOnlyForDeploymentPostprocessing = 0;
		};
		ED3D71D2BDF83885BB137B47 /* Sources */ = {
			isa = PBXSourcesBuildPhase;
			buildActionMask = 2147483647;
			files = (
				D7BD437D2AE86E66C864B0FC /* MobileNoteDetailView.swift in Sources */,
				74DF8458BEC41A75D6F1604C /* MobileRootView.swift in Sources */,
				11DDD21FB6492D602BB86A0F /* MobileServerConnection.swift in Sources */,
				4C61971FE7AC481D84BE4B3D /* MobileTheme.swift in Sources */,
				14AB9F440F4DF6813149FB4E /* MobileVault.swift in Sources */,
				AAB2D778093607FBB326E837 /* SymDeskMobileApp.swift in Sources */,
			);
			runOnlyForDeploymentPostprocessing = 0;
		};
/* End PBXSourcesBuildPhase section */

/* Begin PBXTargetDependency section */
		138AC3138B2CE91B37CF9606 /* PBXTargetDependency */ = {
			isa = PBXTargetDependency;
			productRef = CA73FF20C975D4F48F801926 /* SymairaUpdateCheck */;
		};
		2FE2A478EB6213861AB562BC /* PBXTargetDependency */ = {
			isa = PBXTargetDependency;
			target = EC2E2EF97B4E9B5D7E102563 /* SymDeskMobile */;
			targetProxy = FB869F7E3FE524A01143E2E8 /* PBXContainerItemProxy */;
		};
		3C18987F3E7A3E87D38B4E58 /* PBXTargetDependency */ = {
			isa = PBXTargetDependency;
			target = BC6FC56C1B486EFD0DE648A9 /* SymDeskCore */;
			targetProxy = E792DFE1DAF57D21D9B41925 /* PBXContainerItemProxy */;
		};
		54C33B77025B7D6DB5984DF0 /* PBXTargetDependency */ = {
			isa = PBXTargetDependency;
			productRef = 94B6A8A96E752CD29968F8C5 /* SymairaTheme */;
		};
		6A14BC1AE4C6B872D7E57DCE /* PBXTargetDependency */ = {
			isa = PBXTargetDependency;
			productRef = FBAEA75DDFFB2C6838CBE531 /* SymairaIngestContract */;
		};
		6B033B548A8AEBAB42DA8461 /* PBXTargetDependency */ = {
			isa = PBXTargetDependency;
			productRef = 7DACE6F490151A81E30DFF20 /* SymairaCLIRunner */;
		};
		6CFA5F3555B890C195E6FD13 /* PBXTargetDependency */ = {
			isa = PBXTargetDependency;
			target = BC6FC56C1B486EFD0DE648A9 /* SymDeskCore */;
			targetProxy = DCD2E9AC22CC96B534EA61E3 /* PBXContainerItemProxy */;
		};
		97180F7C8898D161854F5194 /* PBXTargetDependency */ = {
			isa = PBXTargetDependency;
			productRef = 5DFC096D268296578B37AFE2 /* SymairaToolKit */;
		};
		9CBA4695917F0F72C96DBDE7 /* PBXTargetDependency */ = {
			isa = PBXTargetDependency;
			target = EBE65B0E9E86B3B5C227733D /* SymDesk */;
			targetProxy = D30EF011B1259F13302B72D3 /* PBXContainerItemProxy */;
		};
		D04E98524EB0D05066401857 /* PBXTargetDependency */ = {
			isa = PBXTargetDependency;
			target = BC6FC56C1B486EFD0DE648A9 /* SymDeskCore */;
			targetProxy = 5DF37820BC8DB6933E8626D0 /* PBXContainerItemProxy */;
		};
/* End PBXTargetDependency section */

/* Begin XCBuildConfiguration section */
		01D7A1E343FE4C23C5C68675 /* Release */ = {
			isa = XCBuildConfiguration;
			buildSettings = {
				BUNDLE_LOADER = "$(TEST_HOST)";
				COMBINE_HIDPI_IMAGES = YES;
				GENERATE_INFOPLIST_FILE = YES;
				LD_RUNPATH_SEARCH_PATHS = (
					"$(inherited)",
					"@executable_path/../Frameworks",
					"@loader_path/../Frameworks",
				);
				MACOSX_DEPLOYMENT_TARGET = 14.0;
				OTHER_LDFLAGS = (
					"$(inherited)",
					"-ObjC",
				);
				PRODUCT_BUNDLE_IDENTIFIER = com.symaira.SymDeskCoreTests;
				SDKROOT = macosx;
				SWIFT_VERSION = 6.0;
			};
			name = Release;
		};
		04277AB6ACF211A664E656E6 /* Release */ = {
			isa = XCBuildConfiguration;
			buildSettings = {
				ASSETCATALOG_COMPILER_APPICON_NAME = AppIcon;
				CODE_SIGN_IDENTITY = "iPhone Developer";
				CODE_SIGN_STYLE = Automatic;
				CURRENT_PROJECT_VERSION = 1;
				INFOPLIST_FILE = Sources/SymDeskMobile/Info.plist;
				IPHONEOS_DEPLOYMENT_TARGET = 18.0;
				LD_RUNPATH_SEARCH_PATHS = (
					"$(inherited)",
					"@executable_path/Frameworks",
				);
				MARKETING_VERSION = 0.7.3;
				PRODUCT_BUNDLE_IDENTIFIER = com.symaira.desktop.ios;
				PRODUCT_MODULE_NAME = SymDeskMobile;
				PRODUCT_NAME = SymDesk;
				SDKROOT = iphoneos;
				SWIFT_STRICT_CONCURRENCY = complete;
				SWIFT_VERSION = 6.0;
				TARGETED_DEVICE_FAMILY = "1,2";
			};
			name = Release;
		};
		24B219A1BBE9040229284F1D /* Debug */ = {
			isa = XCBuildConfiguration;
			buildSettings = {
				BUNDLE_LOADER = "$(TEST_HOST)";
				COMBINE_HIDPI_IMAGES = YES;
				GENERATE_INFOPLIST_FILE = YES;
				LD_RUNPATH_SEARCH_PATHS = (
					"$(inherited)",
					"@executable_path/../Frameworks",
					"@loader_path/../Frameworks",
				);
				MACOSX_DEPLOYMENT_TARGET = 14.0;
				OTHER_LDFLAGS = (
					"$(inherited)",
					"-ObjC",
				);
				PRODUCT_BUNDLE_IDENTIFIER = com.symaira.SymDeskCoreTests;
				SDKROOT = macosx;
				SWIFT_VERSION = 6.0;
			};
			name = Debug;
		};
		3219A32A1CD9287FD86220D5 /* Release */ = {
			isa = XCBuildConfiguration;
			buildSettings = {
				ASSETCATALOG_COMPILER_APPICON_NAME = AppIcon;
				CODE_SIGN_IDENTITY = "-";
				CODE_SIGN_STYLE = Automatic;
				COMBINE_HIDPI_IMAGES = YES;
				CURRENT_PROJECT_VERSION = 1;
				INFOPLIST_FILE = Sources/SymDeskApp/Info.plist;
				LD_RUNPATH_SEARCH_PATHS = (
					"$(inherited)",
					"@executable_path/../Frameworks",
				);
				MACOSX_DEPLOYMENT_TARGET = 14.0;
				MARKETING_VERSION = 0.7.3;
				OTHER_LDFLAGS = (
					"$(inherited)",
					"-ObjC",
				);
				PRODUCT_BUNDLE_IDENTIFIER = com.symaira.desktop;
				SDKROOT = macosx;
				SWIFT_ACTIVE_COMPILATION_CONDITIONS = "$(inherited)";
				SWIFT_VERSION = 6.0;
			};
			name = Release;
		};
		44534B2DE927E504D20C5F64 /* Release */ = {
			isa = XCBuildConfiguration;
			buildSettings = {
				ALWAYS_SEARCH_USER_PATHS = NO;
				CLANG_ANALYZER_NONNULL = YES;
				CLANG_ANALYZER_NUMBER_OBJECT_CONVERSION = YES_AGGRESSIVE;
				CLANG_CXX_LANGUAGE_STANDARD = "gnu++14";
				CLANG_CXX_LIBRARY = "libc++";
				CLANG_ENABLE_MODULES = YES;
				CLANG_ENABLE_OBJC_ARC = YES;
				CLANG_ENABLE_OBJC_WEAK = YES;
				CLANG_WARN_BLOCK_CAPTURE_AUTORELEASING = YES;
				CLANG_WARN_BOOL_CONVERSION = YES;
				CLANG_WARN_COMMA = YES;
				CLANG_WARN_CONSTANT_CONVERSION = YES;
				CLANG_WARN_DEPRECATED_OBJC_IMPLEMENTATIONS = YES;
				CLANG_WARN_DIRECT_OBJC_ISA_USAGE = YES_ERROR;
				CLANG_WARN_DOCUMENTATION_COMMENTS = YES;
				CLANG_WARN_EMPTY_BODY = YES;
				CLANG_WARN_ENUM_CONVERSION = YES;
				CLANG_WARN_INFINITE_RECURSION = YES;
				CLANG_WARN_INT_CONVERSION = YES;
				CLANG_WARN_NON_LITERAL_NULL_CONVERSION = YES;
				CLANG_WARN_OBJC_IMPLICIT_RETAIN_SELF = YES;
				CLANG_WARN_OBJC_LITERAL_CONVERSION = YES;
				CLANG_WARN_OBJC_ROOT_CLASS = YES_ERROR;
				CLANG_WARN_QUOTED_INCLUDE_IN_FRAMEWORK_HEADER = YES;
				CLANG_WARN_RANGE_LOOP_ANALYSIS = YES;
				CLANG_WARN_STRICT_PROTOTYPES = YES;
				CLANG_WARN_SUSPICIOUS_MOVE = YES;
				CLANG_WARN_UNGUARDED_AVAILABILITY = YES_AGGRESSIVE;
				CLANG_WARN_UNREACHABLE_CODE = YES;
				CLANG_WARN__DUPLICATE_METHOD_MATCH = YES;
				COPY_PHASE_STRIP = NO;
				DEBUG_INFORMATION_FORMAT = "dwarf-with-dsym";
				ENABLE_NS_ASSERTIONS = NO;
				ENABLE_STRICT_OBJC_MSGSEND = YES;
				GCC_C_LANGUAGE_STANDARD = gnu11;
				GCC_NO_COMMON_BLOCKS = YES;
				GCC_WARN_64_TO_32_BIT_CONVERSION = YES;
				GCC_WARN_ABOUT_RETURN_TYPE = YES_ERROR;
				GCC_WARN_UNDECLARED_SELECTOR = YES;
				GCC_WARN_UNINITIALIZED_AUTOS = YES_AGGRESSIVE;
				GCC_WARN_UNUSED_FUNCTION = YES;
				GCC_WARN_UNUSED_VARIABLE = YES;
				MACOSX_DEPLOYMENT_TARGET = 14.0;
				MTL_ENABLE_DEBUG_INFO = NO;
				MTL_FAST_MATH = YES;
				PRODUCT_NAME = "$(TARGET_NAME)";
				SWIFT_COMPILATION_MODE = wholemodule;
				SWIFT_OPTIMIZATION_LEVEL = "-O";
				SWIFT_VERSION = 5.0;
			};
			name = Release;
		};
		4E2F4EC7202308E27959AF2D /* Debug */ = {
			isa = XCBuildConfiguration;
			buildSettings = {
				ASSETCATALOG_COMPILER_APPICON_NAME = AppIcon;
				CODE_SIGN_IDENTITY = "iPhone Developer";
				CODE_SIGN_STYLE = Automatic;
				CURRENT_PROJECT_VERSION = 1;
				INFOPLIST_FILE = Sources/SymDeskMobile/Info.plist;
				IPHONEOS_DEPLOYMENT_TARGET = 18.0;
				LD_RUNPATH_SEARCH_PATHS = (
					"$(inherited)",
					"@executable_path/Frameworks",
				);
				MARKETING_VERSION = 0.7.3;
				PRODUCT_BUNDLE_IDENTIFIER = com.symaira.desktop.ios;
				PRODUCT_MODULE_NAME = SymDeskMobile;
				PRODUCT_NAME = SymDesk;
				SDKROOT = iphoneos;
				SWIFT_STRICT_CONCURRENCY = complete;
				SWIFT_VERSION = 6.0;
				TARGETED_DEVICE_FAMILY = "1,2";
			};
			name = Debug;
		};
		5FDA61D192BE5FAACB848D83 /* Release */ = {
			isa = XCBuildConfiguration;
			buildSettings = {
				COMBINE_HIDPI_IMAGES = YES;
				LD_RUNPATH_SEARCH_PATHS = (
					"$(inherited)",
					"@executable_path/../Frameworks",
				);
				MACOSX_DEPLOYMENT_TARGET = 14.0;
				PRODUCT_BUNDLE_IDENTIFIER = com.symaira.SymDeskCore;
				SDKROOT = macosx;
				SKIP_INSTALL = YES;
				SWIFT_VERSION = 6.0;
			};
			name = Release;
		};
		6763FCA09FC527B674269275 /* Release */ = {
			isa = XCBuildConfiguration;
			buildSettings = {
				BUNDLE_LOADER = "$(TEST_HOST)";
				COMBINE_HIDPI_IMAGES = YES;
				GENERATE_INFOPLIST_FILE = YES;
				LD_RUNPATH_SEARCH_PATHS = (
					"$(inherited)",
					"@executable_path/../Frameworks",
					"@loader_path/../Frameworks",
				);
				MACOSX_DEPLOYMENT_TARGET = 14.0;
				OTHER_LDFLAGS = (
					"$(inherited)",
					"-ObjC",
				);
				PRODUCT_BUNDLE_IDENTIFIER = com.symaira.SymDeskAppTests;
				SDKROOT = macosx;
				SWIFT_VERSION = 6.0;
				TEST_HOST = "$(BUILT_PRODUCTS_DIR)/SymDesk.app/Contents/MacOS/SymDesk";
			};
			name = Release;
		};
		9695F9B43270D573F6DF1E74 /* Debug */ = {
			isa = XCBuildConfiguration;
			buildSettings = {
				BUNDLE_LOADER = "$(TEST_HOST)";
				COMBINE_HIDPI_IMAGES = YES;
				GENERATE_INFOPLIST_FILE = YES;
				LD_RUNPATH_SEARCH_PATHS = (
					"$(inherited)",
					"@executable_path/../Frameworks",
					"@loader_path/../Frameworks",
				);
				MACOSX_DEPLOYMENT_TARGET = 14.0;
				OTHER_LDFLAGS = (
					"$(inherited)",
					"-ObjC",
				);
				PRODUCT_BUNDLE_IDENTIFIER = com.symaira.SymDeskAppTests;
				SDKROOT = macosx;
				SWIFT_VERSION = 6.0;
				TEST_HOST = "$(BUILT_PRODUCTS_DIR)/SymDesk.app/Contents/MacOS/SymDesk";
			};
			name = Debug;
		};
		98ADF00632C7BB680582DED4 /* Debug */ = {
			isa = XCBuildConfiguration;
			buildSettings = {
				ALWAYS_SEARCH_USER_PATHS = NO;
				CLANG_ANALYZER_NONNULL = YES;
				CLANG_ANALYZER_NUMBER_OBJECT_CONVERSION = YES_AGGRESSIVE;
				CLANG_CXX_LANGUAGE_STANDARD = "gnu++14";
				CLANG_CXX_LIBRARY = "libc++";
				CLANG_ENABLE_MODULES = YES;
				CLANG_ENABLE_OBJC_ARC = YES;
				CLANG_ENABLE_OBJC_WEAK = YES;
				CLANG_WARN_BLOCK_CAPTURE_AUTORELEASING = YES;
				CLANG_WARN_BOOL_CONVERSION = YES;
				CLANG_WARN_COMMA = YES;
				CLANG_WARN_CONSTANT_CONVERSION = YES;
				CLANG_WARN_DEPRECATED_OBJC_IMPLEMENTATIONS = YES;
				CLANG_WARN_DIRECT_OBJC_ISA_USAGE = YES_ERROR;
				CLANG_WARN_DOCUMENTATION_COMMENTS = YES;
				CLANG_WARN_EMPTY_BODY = YES;
				CLANG_WARN_ENUM_CONVERSION = YES;
				CLANG_WARN_INFINITE_RECURSION = YES;
				CLANG_WARN_INT_CONVERSION = YES;
				CLANG_WARN_NON_LITERAL_NULL_CONVERSION = YES;
				CLANG_WARN_OBJC_IMPLICIT_RETAIN_SELF = YES;
				CLANG_WARN_OBJC_LITERAL_CONVERSION = YES;
				CLANG_WARN_OBJC_ROOT_CLASS = YES_ERROR;
				CLANG_WARN_QUOTED_INCLUDE_IN_FRAMEWORK_HEADER = YES;
				CLANG_WARN_RANGE_LOOP_ANALYSIS = YES;
				CLANG_WARN_STRICT_PROTOTYPES = YES;
				CLANG_WARN_SUSPICIOUS_MOVE = YES;
				CLANG_WARN_UNGUARDED_AVAILABILITY = YES_AGGRESSIVE;
				CLANG_WARN_UNREACHABLE_CODE = YES;
				CLANG_WARN__DUPLICATE_METHOD_MATCH = YES;
				COPY_PHASE_STRIP = NO;
				DEBUG_INFORMATION_FORMAT = dwarf;
				ENABLE_STRICT_OBJC_MSGSEND = YES;
				ENABLE_TESTABILITY = YES;
				GCC_C_LANGUAGE_STANDARD = gnu11;
				GCC_DYNAMIC_NO_PIC = NO;
				GCC_NO_COMMON_BLOCKS = YES;
				GCC_OPTIMIZATION_LEVEL = 0;
				GCC_PREPROCESSOR_DEFINITIONS = (
					"$(inherited)",
					"DEBUG=1",
				);
				GCC_WARN_64_TO_32_BIT_CONVERSION = YES;
				GCC_WARN_ABOUT_RETURN_TYPE = YES_ERROR;
				GCC_WARN_UNDECLARED_SELECTOR = YES;
				GCC_WARN_UNINITIALIZED_AUTOS = YES_AGGRESSIVE;
				GCC_WARN_UNUSED_FUNCTION = YES;
				GCC_WARN_UNUSED_VARIABLE = YES;
				MACOSX_DEPLOYMENT_TARGET = 14.0;
				MTL_ENABLE_DEBUG_INFO = INCLUDE_SOURCE;
				MTL_FAST_MATH = YES;
				ONLY_ACTIVE_ARCH = YES;
				PRODUCT_NAME = "$(TARGET_NAME)";
				SWIFT_ACTIVE_COMPILATION_CONDITIONS = DEBUG;
				SWIFT_OPTIMIZATION_LEVEL = "-Onone";
				SWIFT_VERSION = 5.0;
			};
			name = Debug;
		};
		D62D75866200F8F40892643C /* Release */ = {
			isa = XCBuildConfiguration;
			buildSettings = {
				BUNDLE_LOADER = "$(TEST_HOST)";
				GENERATE_INFOPLIST_FILE = YES;
				IPHONEOS_DEPLOYMENT_TARGET = 18.0;
				LD_RUNPATH_SEARCH_PATHS = (
					"$(inherited)",
					"@executable_path/Frameworks",
					"@loader_path/Frameworks",
				);
				PRODUCT_BUNDLE_IDENTIFIER = com.symaira.SymDeskMobileTests;
				SDKROOT = iphoneos;
				SWIFT_STRICT_CONCURRENCY = complete;
				SWIFT_VERSION = 6.0;
				TARGETED_DEVICE_FAMILY = "1,2";
				TEST_HOST = "$(BUILT_PRODUCTS_DIR)/SymDesk.app/SymDesk";
			};
			name = Release;
		};
		DD75495B1F0945B1D0A27B30 /* Debug */ = {
			isa = XCBuildConfiguration;
			buildSettings = {
				BUNDLE_LOADER = "$(TEST_HOST)";
				GENERATE_INFOPLIST_FILE = YES;
				IPHONEOS_DEPLOYMENT_TARGET = 18.0;
				LD_RUNPATH_SEARCH_PATHS = (
					"$(inherited)",
					"@executable_path/Frameworks",
					"@loader_path/Frameworks",
				);
				PRODUCT_BUNDLE_IDENTIFIER = com.symaira.SymDeskMobileTests;
				SDKROOT = iphoneos;
				SWIFT_STRICT_CONCURRENCY = complete;
				SWIFT_VERSION = 6.0;
				TARGETED_DEVICE_FAMILY = "1,2";
				TEST_HOST = "$(BUILT_PRODUCTS_DIR)/SymDesk.app/SymDesk";
			};
			name = Debug;
		};
		EB172872E4D9C591F0F54023 /* Debug */ = {
			isa = XCBuildConfiguration;
			buildSettings = {
				ASSETCATALOG_COMPILER_APPICON_NAME = AppIcon;
				CODE_SIGN_IDENTITY = "-";
				CODE_SIGN_STYLE = Automatic;
				COMBINE_HIDPI_IMAGES = YES;
				CURRENT_PROJECT_VERSION = 1;
				INFOPLIST_FILE = Sources/SymDeskApp/Info.plist;
				LD_RUNPATH_SEARCH_PATHS = (
					"$(inherited)",
					"@executable_path/../Frameworks",
				);
				MACOSX_DEPLOYMENT_TARGET = 14.0;
				MARKETING_VERSION = 0.7.3;
				OTHER_LDFLAGS = (
					"$(inherited)",
					"-ObjC",
				);
				PRODUCT_BUNDLE_IDENTIFIER = com.symaira.desktop;
				SDKROOT = macosx;
				SWIFT_ACTIVE_COMPILATION_CONDITIONS = "$(inherited)";
				SWIFT_VERSION = 6.0;
			};
			name = Debug;
		};
		F197F54A2AE16DC84311139A /* Debug */ = {
			isa = XCBuildConfiguration;
			buildSettings = {
				COMBINE_HIDPI_IMAGES = YES;
				LD_RUNPATH_SEARCH_PATHS = (
					"$(inherited)",
					"@executable_path/../Frameworks",
				);
				MACOSX_DEPLOYMENT_TARGET = 14.0;
				PRODUCT_BUNDLE_IDENTIFIER = com.symaira.SymDeskCore;
				SDKROOT = macosx;
				SKIP_INSTALL = YES;
				SWIFT_VERSION = 6.0;
			};
			name = Debug;
		};
/* End XCBuildConfiguration section */

/* Begin XCConfigurationList section */
		079F2CA691C01B6B40F36781 /* Build configuration list for PBXNativeTarget "SymDesk" */ = {
			isa = XCConfigurationList;
			buildConfigurations = (
				EB172872E4D9C591F0F54023 /* Debug */,
				3219A32A1CD9287FD86220D5 /* Release */,
			);
			defaultConfigurationIsVisible = 0;
			defaultConfigurationName = Debug;
		};
		ABC8005E2E8F20D340BEFFE5 /* Build configuration list for PBXNativeTarget "SymDeskMobile" */ = {
			isa = XCConfigurationList;
			buildConfigurations = (
				4E2F4EC7202308E27959AF2D /* Debug */,
				04277AB6ACF211A664E656E6 /* Release */,
			);
			defaultConfigurationIsVisible = 0;
			defaultConfigurationName = Debug;
		};
		C8E0B1BB99C58DC47A687E81 /* Build configuration list for PBXProject "SymDesk" */ = {
			isa = XCConfigurationList;
			buildConfigurations = (
				98ADF00632C7BB680582DED4 /* Debug */,
				44534B2DE927E504D20C5F64 /* Release */,
			);
			defaultConfigurationIsVisible = 0;
			defaultConfigurationName = Debug;
		};
		D49042C5C1C7405E8AEB9A9D /* Build configuration list for PBXNativeTarget "SymDeskCoreTests" */ = {
			isa = XCConfigurationList;
			buildConfigurations = (
				24B219A1BBE9040229284F1D /* Debug */,
				01D7A1E343FE4C23C5C68675 /* Release */,
			);
			defaultConfigurationIsVisible = 0;
			defaultConfigurationName = Debug;
		};
		E06923F09327F89C7E623B40 /* Build configuration list for PBXNativeTarget "SymDeskCore" */ = {
			isa = XCConfigurationList;
			buildConfigurations = (
				F197F54A2AE16DC84311139A /* Debug */,
				5FDA61D192BE5FAACB848D83 /* Release */,
			);
			defaultConfigurationIsVisible = 0;
			defaultConfigurationName = Debug;
		};
		E8B55D667B25BDC917D59B60 /* Build configuration list for PBXNativeTarget "SymDeskMobileTests" */ = {
			isa = XCConfigurationList;
			buildConfigurations = (
				DD75495B1F0945B1D0A27B30 /* Debug */,
				D62D75866200F8F40892643C /* Release */,
			);
			defaultConfigurationIsVisible = 0;
			defaultConfigurationName = Debug;
		};
		F9B5C74666B4FEEF47060880 /* Build configuration list for PBXNativeTarget "SymDeskAppTests" */ = {
			isa = XCConfigurationList;
			buildConfigurations = (
				9695F9B43270D573F6DF1E74 /* Debug */,
				6763FCA09FC527B674269275 /* Release */,
			);
			defaultConfigurationIsVisible = 0;
			defaultConfigurationName = Debug;
		};
/* End XCConfigurationList section */

/* Begin XCRemoteSwiftPackageReference section */
		6F9044F02A7E3CD6F55CC59A /* XCRemoteSwiftPackageReference "symaira-appkit" */ = {
			isa = XCRemoteSwiftPackageReference;
			repositoryURL = "https://github.com/danieljustus/symaira-appkit";
			requirement = {
				kind = revision;
				revision = 463cebd5c1c53353dc63da07f77730ff2611a90c;
			};
		};
/* End XCRemoteSwiftPackageReference section */

/* Begin XCSwiftPackageProductDependency section */
		3BEF32958D7F1CBB107FC724 /* SymairaToolKit */ = {
			isa = XCSwiftPackageProductDependency;
			package = 6F9044F02A7E3CD6F55CC59A /* XCRemoteSwiftPackageReference "symaira-appkit" */;
			productName = SymairaToolKit;
		};
		440538EBC91381E953CC1697 /* SymairaCLIRunner */ = {
			isa = XCSwiftPackageProductDependency;
			package = 6F9044F02A7E3CD6F55CC59A /* XCRemoteSwiftPackageReference "symaira-appkit" */;
			productName = SymairaCLIRunner;
		};
		4D0E14080504B77CA18BBA53 /* SymairaUpdateCheck */ = {
			isa = XCSwiftPackageProductDependency;
			package = 6F9044F02A7E3CD6F55CC59A /* XCRemoteSwiftPackageReference "symaira-appkit" */;
			productName = SymairaUpdateCheck;
		};
		596C4C9EB9845BC180C460A4 /* SymairaUpdateCheck */ = {
			isa = XCSwiftPackageProductDependency;
			package = 6F9044F02A7E3CD6F55CC59A /* XCRemoteSwiftPackageReference "symaira-appkit" */;
			productName = SymairaUpdateCheck;
		};
		5B81234FBF41E06530F2A5C1 /* SymairaCLIRunner */ = {
			isa = XCSwiftPackageProductDependency;
			package = 6F9044F02A7E3CD6F55CC59A /* XCRemoteSwiftPackageReference "symaira-appkit" */;
			productName = SymairaCLIRunner;
		};
		5DFC096D268296578B37AFE2 /* SymairaToolKit */ = {
			isa = XCSwiftPackageProductDependency;
			package = 6F9044F02A7E3CD6F55CC59A /* XCRemoteSwiftPackageReference "symaira-appkit" */;
			productName = SymairaToolKit;
		};
		6730086BD27F282EAE58D774 /* SymairaIngestContract */ = {
			isa = XCSwiftPackageProductDependency;
			package = 6F9044F02A7E3CD6F55CC59A /* XCRemoteSwiftPackageReference "symaira-appkit" */;
			productName = SymairaIngestContract;
		};
		6BFDEE30809F14AC06D066FB /* SymairaTheme */ = {
			isa = XCSwiftPackageProductDependency;
			package = 6F9044F02A7E3CD6F55CC59A /* XCRemoteSwiftPackageReference "symaira-appkit" */;
			productName = SymairaTheme;
		};
		7DACE6F490151A81E30DFF20 /* SymairaCLIRunner */ = {
			isa = XCSwiftPackageProductDependency;
			package = 6F9044F02A7E3CD6F55CC59A /* XCRemoteSwiftPackageReference "symaira-appkit" */;
			productName = SymairaCLIRunner;
		};
		834BF5FB29F232C62B0E48E4 /* SymairaIngestContract */ = {
			isa = XCSwiftPackageProductDependency;
			package = 6F9044F02A7E3CD6F55CC59A /* XCRemoteSwiftPackageReference "symaira-appkit" */;
			productName = SymairaIngestContract;
		};
		94B6A8A96E752CD29968F8C5 /* SymairaTheme */ = {
			isa = XCSwiftPackageProductDependency;
			package = 6F9044F02A7E3CD6F55CC59A /* XCRemoteSwiftPackageReference "symaira-appkit" */;
			productName = SymairaTheme;
		};
		A811DD5B1E907A8EF49849F7 /* SymairaIngestContract */ = {
			isa = XCSwiftPackageProductDependency;
			package = 6F9044F02A7E3CD6F55CC59A /* XCRemoteSwiftPackageReference "symaira-appkit" */;
			productName = SymairaIngestContract;
		};
		AAA444735FB3AB708D3BD4C4 /* SymairaTheme */ = {
			isa = XCSwiftPackageProductDependency;
			package = 6F9044F02A7E3CD6F55CC59A /* XCRemoteSwiftPackageReference "symaira-appkit" */;
			productName = SymairaTheme;
		};
		B65D992D4DD6927D37A99FCD /* SymairaTheme */ = {
			isa = XCSwiftPackageProductDependency;
			package = 6F9044F02A7E3CD6F55CC59A /* XCRemoteSwiftPackageReference "symaira-appkit" */;
			productName = SymairaTheme;
		};
		CA73FF20C975D4F48F801926 /* SymairaUpdateCheck */ = {
			isa = XCSwiftPackageProductDependency;
			package = 6F9044F02A7E3CD6F55CC59A /* XCRemoteSwiftPackageReference "symaira-appkit" */;
			productName = SymairaUpdateCheck;
		};
		CCF15BEFF6E2B7C5BDE99A2A /* SymairaToolKit */ = {
			isa = XCSwiftPackageProductDependency;
			package = 6F9044F02A7E3CD6F55CC59A /* XCRemoteSwiftPackageReference "symaira-appkit" */;
			productName = SymairaToolKit;
		};
		CFBC6F0BE1C9C08829AF5DC6 /* SymairaUpdateCheck */ = {
			isa = XCSwiftPackageProductDependency;
			package = 6F9044F02A7E3CD6F55CC59A /* XCRemoteSwiftPackageReference "symaira-appkit" */;
			productName = SymairaUpdateCheck;
		};
		E20080EE08C0202FC164E192 /* SymairaCLIRunner */ = {
			isa = XCSwiftPackageProductDependency;
			package = 6F9044F02A7E3CD6F55CC59A /* XCRemoteSwiftPackageReference "symaira-appkit" */;
			productName = SymairaCLIRunner;
		};
		FB4C7E4FD05930A9DBAFDE35 /* SymairaToolKit */ = {
			isa = XCSwiftPackageProductDependency;
			package = 6F9044F02A7E3CD6F55CC59A /* XCRemoteSwiftPackageReference "symaira-appkit" */;
			productName = SymairaToolKit;
		};
		FBAEA75DDFFB2C6838CBE531 /* SymairaIngestContract */ = {
			isa = XCSwiftPackageProductDependency;
			package = 6F9044F02A7E3CD6F55CC59A /* XCRemoteSwiftPackageReference "symaira-appkit" */;
			productName = SymairaIngestContract;
		};
/* End XCSwiftPackageProductDependency section */
	};
	rootObject = B16AC75A29E1886143661B51 /* Project object */;
}
