// !$*UTF8*$!
{
	archiveVersion = 1;
	classes = {
	};
	objectVersion = 77;
	objects = {

/* Begin PBXBuildFile section */
		087490E1CC2A424C7AEF4AC1 /* DocumentGridView.swift in Sources */ = {isa = PBXBuildFile; fileRef = AF74B31CB37D574E3AC69032 /* DocumentGridView.swift */; };
		0C92622CE6B3BB5D9C7AEC4C /* DocumentViewerView.swift in Sources */ = {isa = PBXBuildFile; fileRef = BB47DE4186F80D337DC11BD3 /* DocumentViewerView.swift */; };
		14F891ABD3302502994CB064 /* SymairaTheme in Frameworks */ = {isa = PBXBuildFile; productRef = 6BFDEE30809F14AC06D066FB /* SymairaTheme */; };
		1D14D610EF1CD193F0A97065 /* SymairaTheme in Frameworks */ = {isa = PBXBuildFile; productRef = AAA444735FB3AB708D3BD4C4 /* SymairaTheme */; };
		1F1FA22E3100184255CC3362 /* DbViewTable.swift in Sources */ = {isa = PBXBuildFile; fileRef = 1EEEC588B327739FBAF693D4 /* DbViewTable.swift */; };
		223A0903E7A1B2FF00EE3F7E /* MarkdownEditorView.swift in Sources */ = {isa = PBXBuildFile; fileRef = 1F547CF59C20684A5051D6B5 /* MarkdownEditorView.swift */; };
		274F640915B4D63279459C99 /* DbViewCalendar.swift in Sources */ = {isa = PBXBuildFile; fileRef = 48223DCBE4FF19264208BCB3 /* DbViewCalendar.swift */; };
		2A9DFE1A981C4FBDB9D49061 /* DbViewBoard.swift in Sources */ = {isa = PBXBuildFile; fileRef = 78F76334FF1AA665F17F9B0C /* DbViewBoard.swift */; };
		38E3530E7E3A4E1D85CBC384 /* libSymDeskCore.a in Frameworks */ = {isa = PBXBuildFile; fileRef = AF3DE41EB61C376999197AEF /* libSymDeskCore.a */; };
		3D00605BDE73976880F49353 /* NotificationScheduler.swift in Sources */ = {isa = PBXBuildFile; fileRef = 233223A3C27BEA490CADB82C /* NotificationScheduler.swift */; };
		40406909A4AAF62DD881D295 /* NotificationManager.swift in Sources */ = {isa = PBXBuildFile; fileRef = 23EBE73852F5829E6BB25B82 /* NotificationManager.swift */; };
		501D1A781F9C96208374CF89 /* SymairaCLIRunner in Frameworks */ = {isa = PBXBuildFile; productRef = 440538EBC91381E953CC1697 /* SymairaCLIRunner */; };
		52B0B883869C07C6C51D48C4 /* BlockEditorView.swift in Sources */ = {isa = PBXBuildFile; fileRef = B58CE1AAB047E5C20B8DBC43 /* BlockEditorView.swift */; };
		5559B886DFF79DF05589717E /* SymairaUpdateCheck in Frameworks */ = {isa = PBXBuildFile; productRef = CFBC6F0BE1C9C08829AF5DC6 /* SymairaUpdateCheck */; };
		571C6E466AA0EACEBA689E1F /* ContentView.swift in Sources */ = {isa = PBXBuildFile; fileRef = 61EE8B62E86F8FE234837F0A /* ContentView.swift */; };
		5FD95A9B634F3C3A5DEC9547 /* UpdateInstallerTests.swift in Sources */ = {isa = PBXBuildFile; fileRef = 37BB0170D51D31EB825E5869 /* UpdateInstallerTests.swift */; };
		64C0919422B9FBF88A826757 /* IngestQueueView.swift in Sources */ = {isa = PBXBuildFile; fileRef = B652D24B94E01B080A5139C0 /* IngestQueueView.swift */; };
		71F20F1D5036D27530C70F14 /* SymairaToolKit in Frameworks */ = {isa = PBXBuildFile; productRef = 3BEF32958D7F1CBB107FC724 /* SymairaToolKit */; };
		8297EAB48FFFA51F537F9351 /* BlockNode.swift in Sources */ = {isa = PBXBuildFile; fileRef = 24A66FCAE94BEB5D93BE972B /* BlockNode.swift */; };
		8598224B3A3003EC9273BD03 /* AppUpdateChecker.swift in Sources */ = {isa = PBXBuildFile; fileRef = A7C133D510BC5F4211286EC5 /* AppUpdateChecker.swift */; };
		888252B8F6964BA6158F9CC6 /* ReviewLaneView.swift in Sources */ = {isa = PBXBuildFile; fileRef = 9C51F0367577777D2D842F81 /* ReviewLaneView.swift */; };
		894BF25DD7A7DE8807A137E1 /* DiscoverView.swift in Sources */ = {isa = PBXBuildFile; fileRef = 15ADDCBD65EB529378EF6DC5 /* DiscoverView.swift */; };
		8D1D15CD36A1EDC8F6A23185 /* AIDockView.swift in Sources */ = {isa = PBXBuildFile; fileRef = 9E0EF47CC7E6B528447433E8 /* AIDockView.swift */; };
		9CB84C5DEC5DFAA645786C79 /* SymairaToolKit in Frameworks */ = {isa = PBXBuildFile; productRef = CCF15BEFF6E2B7C5BDE99A2A /* SymairaToolKit */; };
		A0E1A3C240D1E507A7E2EC9F /* AppUpdateCheckerTests.swift in Sources */ = {isa = PBXBuildFile; fileRef = E5E77F6F7A42131B3055841A /* AppUpdateCheckerTests.swift */; };
		A138AFCFEA44C4E485B65257 /* OnboardingView.swift in Sources */ = {isa = PBXBuildFile; fileRef = 59762A8D6DF418D30855BEDA /* OnboardingView.swift */; };
		B4BBDCDD200A14353CFF2B9F /* DeskCore.swift in Sources */ = {isa = PBXBuildFile; fileRef = F756739286BF26EA17456C99 /* DeskCore.swift */; };
		C336F49BE61DBF2A7C03CE8E /* SymairaUpdateCheck in Frameworks */ = {isa = PBXBuildFile; productRef = 596C4C9EB9845BC180C460A4 /* SymairaUpdateCheck */; };
		C56310271DF0FBD1ED258CCA /* GraphView.swift in Sources */ = {isa = PBXBuildFile; fileRef = FF662679454A1D5730ECD171 /* GraphView.swift */; };
		C85A4C45BB4E561D0049F805 /* UpdateInstaller.swift in Sources */ = {isa = PBXBuildFile; fileRef = 0D31AEB4D808A7B5F64134E1 /* UpdateInstaller.swift */; };
		CBD99C1AAF0BA2BE2A136FA6 /* SymDeskApp.swift in Sources */ = {isa = PBXBuildFile; fileRef = BBD325D2A25FDF9FA519A6FA /* SymDeskApp.swift */; };
		CCD6C165B5907E502AD44496 /* libSymDeskCore.a in Frameworks */ = {isa = PBXBuildFile; fileRef = AF3DE41EB61C376999197AEF /* libSymDeskCore.a */; };
		D0EC53A22588E1A56A3E2F2B /* VaultConfig.swift in Sources */ = {isa = PBXBuildFile; fileRef = A175D91D3D83560906E78387 /* VaultConfig.swift */; };
		D32E9B586B362E4914175291 /* EventWatcher.swift in Sources */ = {isa = PBXBuildFile; fileRef = 95355A68097983C9F84AE919 /* EventWatcher.swift */; };
		D912C5E6E61A8D859E86A1F6 /* CommandPalette.swift in Sources */ = {isa = PBXBuildFile; fileRef = F136EF877D776AFD6D2CE697 /* CommandPalette.swift */; };
		EDBAB66DD3722499129B80AE /* SymairaCLIRunner in Frameworks */ = {isa = PBXBuildFile; productRef = E20080EE08C0202FC164E192 /* SymairaCLIRunner */; };
		F9D9027836F3132FDD8F6297 /* main.swift in Sources */ = {isa = PBXBuildFile; fileRef = 827CE03FB82C7640D64E4D97 /* main.swift */; };
		FC481AC96D97F01753A861B0 /* DeskCoreTests.swift in Sources */ = {isa = PBXBuildFile; fileRef = 1307E6EBAC2FAE650F0DC729 /* DeskCoreTests.swift */; };
/* End PBXBuildFile section */

/* Begin PBXContainerItemProxy section */
		DCD2E9AC22CC96B534EA61E3 /* PBXContainerItemProxy */ = {
			isa = PBXContainerItemProxy;
			containerPortal = B16AC75A29E1886143661B51 /* Project object */;
			proxyType = 1;
			remoteGlobalIDString = BC6FC56C1B486EFD0DE648A9;
			remoteInfo = SymDeskCore;
		};
		E792DFE1DAF57D21D9B41925 /* PBXContainerItemProxy */ = {
			isa = PBXContainerItemProxy;
			containerPortal = B16AC75A29E1886143661B51 /* Project object */;
			proxyType = 1;
			remoteGlobalIDString = BC6FC56C1B486EFD0DE648A9;
			remoteInfo = SymDeskCore;
		};
/* End PBXContainerItemProxy section */

/* Begin PBXFileReference section */
		0D31AEB4D808A7B5F64134E1 /* UpdateInstaller.swift */ = {isa = PBXFileReference; lastKnownFileType = sourcecode.swift; path = UpdateInstaller.swift; sourceTree = "<group>"; };
		1307E6EBAC2FAE650F0DC729 /* DeskCoreTests.swift */ = {isa = PBXFileReference; lastKnownFileType = sourcecode.swift; path = DeskCoreTests.swift; sourceTree = "<group>"; };
		15ADDCBD65EB529378EF6DC5 /* DiscoverView.swift */ = {isa = PBXFileReference; lastKnownFileType = sourcecode.swift; path = DiscoverView.swift; sourceTree = "<group>"; };
		1EEEC588B327739FBAF693D4 /* DbViewTable.swift */ = {isa = PBXFileReference; lastKnownFileType = sourcecode.swift; path = DbViewTable.swift; sourceTree = "<group>"; };
		1F547CF59C20684A5051D6B5 /* MarkdownEditorView.swift */ = {isa = PBXFileReference; lastKnownFileType = sourcecode.swift; path = MarkdownEditorView.swift; sourceTree = "<group>"; };
		233223A3C27BEA490CADB82C /* NotificationScheduler.swift */ = {isa = PBXFileReference; lastKnownFileType = sourcecode.swift; path = NotificationScheduler.swift; sourceTree = "<group>"; };
		23EBE73852F5829E6BB25B82 /* NotificationManager.swift */ = {isa = PBXFileReference; lastKnownFileType = sourcecode.swift; path = NotificationManager.swift; sourceTree = "<group>"; };
		24A66FCAE94BEB5D93BE972B /* BlockNode.swift */ = {isa = PBXFileReference; lastKnownFileType = sourcecode.swift; path = BlockNode.swift; sourceTree = "<group>"; };
		2FBA5128D6B234381F73178F /* SymDesk.app */ = {isa = PBXFileReference; explicitFileType = wrapper.application; includeInIndex = 0; path = SymDesk.app; sourceTree = BUILT_PRODUCTS_DIR; };
		37BB0170D51D31EB825E5869 /* UpdateInstallerTests.swift */ = {isa = PBXFileReference; lastKnownFileType = sourcecode.swift; path = UpdateInstallerTests.swift; sourceTree = "<group>"; };
		48223DCBE4FF19264208BCB3 /* DbViewCalendar.swift */ = {isa = PBXFileReference; lastKnownFileType = sourcecode.swift; path = DbViewCalendar.swift; sourceTree = "<group>"; };
		59762A8D6DF418D30855BEDA /* OnboardingView.swift */ = {isa = PBXFileReference; lastKnownFileType = sourcecode.swift; path = OnboardingView.swift; sourceTree = "<group>"; };
		61EE8B62E86F8FE234837F0A /* ContentView.swift */ = {isa = PBXFileReference; lastKnownFileType = sourcecode.swift; path = ContentView.swift; sourceTree = "<group>"; };
		641C263A0947A7D1CCBE84E3 /* Info.plist */ = {isa = PBXFileReference; lastKnownFileType = text.plist; path = Info.plist; sourceTree = "<group>"; };
		78F76334FF1AA665F17F9B0C /* DbViewBoard.swift */ = {isa = PBXFileReference; lastKnownFileType = sourcecode.swift; path = DbViewBoard.swift; sourceTree = "<group>"; };
		827CE03FB82C7640D64E4D97 /* main.swift */ = {isa = PBXFileReference; lastKnownFileType = sourcecode.swift; path = main.swift; sourceTree = "<group>"; };
		95355A68097983C9F84AE919 /* EventWatcher.swift */ = {isa = PBXFileReference; lastKnownFileType = sourcecode.swift; path = EventWatcher.swift; sourceTree = "<group>"; };
		9C51F0367577777D2D842F81 /* ReviewLaneView.swift */ = {isa = PBXFileReference; lastKnownFileType = sourcecode.swift; path = ReviewLaneView.swift; sourceTree = "<group>"; };
		9E0EF47CC7E6B528447433E8 /* AIDockView.swift */ = {isa = PBXFileReference; lastKnownFileType = sourcecode.swift; path = AIDockView.swift; sourceTree = "<group>"; };
		A175D91D3D83560906E78387 /* VaultConfig.swift */ = {isa = PBXFileReference; lastKnownFileType = sourcecode.swift; path = VaultConfig.swift; sourceTree = "<group>"; };
		A7C133D510BC5F4211286EC5 /* AppUpdateChecker.swift */ = {isa = PBXFileReference; lastKnownFileType = sourcecode.swift; path = AppUpdateChecker.swift; sourceTree = "<group>"; };
		AF3DE41EB61C376999197AEF /* libSymDeskCore.a */ = {isa = PBXFileReference; explicitFileType = archive.ar; includeInIndex = 0; path = libSymDeskCore.a; sourceTree = BUILT_PRODUCTS_DIR; };
		AF74B31CB37D574E3AC69032 /* DocumentGridView.swift */ = {isa = PBXFileReference; lastKnownFileType = sourcecode.swift; path = DocumentGridView.swift; sourceTree = "<group>"; };
		B58CE1AAB047E5C20B8DBC43 /* BlockEditorView.swift */ = {isa = PBXFileReference; lastKnownFileType = sourcecode.swift; path = BlockEditorView.swift; sourceTree = "<group>"; };
		B652D24B94E01B080A5139C0 /* IngestQueueView.swift */ = {isa = PBXFileReference; lastKnownFileType = sourcecode.swift; path = IngestQueueView.swift; sourceTree = "<group>"; };
		BB47DE4186F80D337DC11BD3 /* DocumentViewerView.swift */ = {isa = PBXFileReference; lastKnownFileType = sourcecode.swift; path = DocumentViewerView.swift; sourceTree = "<group>"; };
		BBD325D2A25FDF9FA519A6FA /* SymDeskApp.swift */ = {isa = PBXFileReference; lastKnownFileType = sourcecode.swift; path = SymDeskApp.swift; sourceTree = "<group>"; };
		CAD6A1DD667A2F7EA1706073 /* SymDeskCoreTests.xctest */ = {isa = PBXFileReference; explicitFileType = wrapper.cfbundle; includeInIndex = 0; path = SymDeskCoreTests.xctest; sourceTree = BUILT_PRODUCTS_DIR; };
		E5E77F6F7A42131B3055841A /* AppUpdateCheckerTests.swift */ = {isa = PBXFileReference; lastKnownFileType = sourcecode.swift; path = AppUpdateCheckerTests.swift; sourceTree = "<group>"; };
		F136EF877D776AFD6D2CE697 /* CommandPalette.swift */ = {isa = PBXFileReference; lastKnownFileType = sourcecode.swift; path = CommandPalette.swift; sourceTree = "<group>"; };
		F756739286BF26EA17456C99 /* DeskCore.swift */ = {isa = PBXFileReference; lastKnownFileType = sourcecode.swift; path = DeskCore.swift; sourceTree = "<group>"; };
		FF662679454A1D5730ECD171 /* GraphView.swift */ = {isa = PBXFileReference; lastKnownFileType = sourcecode.swift; path = GraphView.swift; sourceTree = "<group>"; };
/* End PBXFileReference section */

/* Begin PBXFrameworksBuildPhase section */
		60CC889C3FAFE4D9587F52F7 /* Frameworks */ = {
			isa = PBXFrameworksBuildPhase;
			buildActionMask = 2147483647;
			files = (
				38E3530E7E3A4E1D85CBC384 /* libSymDeskCore.a in Frameworks */,
				14F891ABD3302502994CB064 /* SymairaTheme in Frameworks */,
				501D1A781F9C96208374CF89 /* SymairaCLIRunner in Frameworks */,
				9CB84C5DEC5DFAA645786C79 /* SymairaToolKit in Frameworks */,
				5559B886DFF79DF05589717E /* SymairaUpdateCheck in Frameworks */,
			);
			runOnlyForDeploymentPostprocessing = 0;
		};
		D76BB966D061F5FF849DABD9 /* Frameworks */ = {
			isa = PBXFrameworksBuildPhase;
			buildActionMask = 2147483647;
			files = (
				CCD6C165B5907E502AD44496 /* libSymDeskCore.a in Frameworks */,
				1D14D610EF1CD193F0A97065 /* SymairaTheme in Frameworks */,
				EDBAB66DD3722499129B80AE /* SymairaCLIRunner in Frameworks */,
				71F20F1D5036D27530C70F14 /* SymairaToolKit in Frameworks */,
				C336F49BE61DBF2A7C03CE8E /* SymairaUpdateCheck in Frameworks */,
			);
			runOnlyForDeploymentPostprocessing = 0;
		};
/* End PBXFrameworksBuildPhase section */

/* Begin PBXGroup section */
		17D7D58227078ADF1C6B20D6 /* SymDeskCore */ = {
			isa = PBXGroup;
			children = (
				A7C133D510BC5F4211286EC5 /* AppUpdateChecker.swift */,
				F756739286BF26EA17456C99 /* DeskCore.swift */,
				95355A68097983C9F84AE919 /* EventWatcher.swift */,
				233223A3C27BEA490CADB82C /* NotificationScheduler.swift */,
				0D31AEB4D808A7B5F64134E1 /* UpdateInstaller.swift */,
				A175D91D3D83560906E78387 /* VaultConfig.swift */,
			);
			name = SymDeskCore;
			path = Sources/SymDeskCore;
			sourceTree = "<group>";
		};
		1A9C7AB057DAB782D2D7E840 = {
			isa = PBXGroup;
			children = (
				4A8DF8842903AB56DF8195DC /* SymDeskApp */,
				17D7D58227078ADF1C6B20D6 /* SymDeskCore */,
				DA2742E89980CD002E2764B6 /* SymDeskCoreTests */,
				CC9141033E8D444BB9496E52 /* Products */,
			);
			sourceTree = "<group>";
		};
		362E9BEEFFBA097C15F5579C /* Models */ = {
			isa = PBXGroup;
			children = (
				24A66FCAE94BEB5D93BE972B /* BlockNode.swift */,
			);
			path = Models;
			sourceTree = "<group>";
		};
		4A8DF8842903AB56DF8195DC /* SymDeskApp */ = {
			isa = PBXGroup;
			children = (
				61EE8B62E86F8FE234837F0A /* ContentView.swift */,
				641C263A0947A7D1CCBE84E3 /* Info.plist */,
				827CE03FB82C7640D64E4D97 /* main.swift */,
				23EBE73852F5829E6BB25B82 /* NotificationManager.swift */,
				BBD325D2A25FDF9FA519A6FA /* SymDeskApp.swift */,
				362E9BEEFFBA097C15F5579C /* Models */,
				4EC33A4FB80D80BF52DF3EBF /* UI */,
			);
			name = SymDeskApp;
			path = Sources/SymDeskApp;
			sourceTree = "<group>";
		};
		4EC33A4FB80D80BF52DF3EBF /* UI */ = {
			isa = PBXGroup;
			children = (
				9E0EF47CC7E6B528447433E8 /* AIDockView.swift */,
				B58CE1AAB047E5C20B8DBC43 /* BlockEditorView.swift */,
				F136EF877D776AFD6D2CE697 /* CommandPalette.swift */,
				78F76334FF1AA665F17F9B0C /* DbViewBoard.swift */,
				48223DCBE4FF19264208BCB3 /* DbViewCalendar.swift */,
				1EEEC588B327739FBAF693D4 /* DbViewTable.swift */,
				15ADDCBD65EB529378EF6DC5 /* DiscoverView.swift */,
				AF74B31CB37D574E3AC69032 /* DocumentGridView.swift */,
				BB47DE4186F80D337DC11BD3 /* DocumentViewerView.swift */,
				FF662679454A1D5730ECD171 /* GraphView.swift */,
				B652D24B94E01B080A5139C0 /* IngestQueueView.swift */,
				1F547CF59C20684A5051D6B5 /* MarkdownEditorView.swift */,
				59762A8D6DF418D30855BEDA /* OnboardingView.swift */,
				9C51F0367577777D2D842F81 /* ReviewLaneView.swift */,
			);
			path = UI;
			sourceTree = "<group>";
		};
		CC9141033E8D444BB9496E52 /* Products */ = {
			isa = PBXGroup;
			children = (
				AF3DE41EB61C376999197AEF /* libSymDeskCore.a */,
				2FBA5128D6B234381F73178F /* SymDesk.app */,
				CAD6A1DD667A2F7EA1706073 /* SymDeskCoreTests.xctest */,
			);
			name = Products;
			sourceTree = "<group>";
		};
		DA2742E89980CD002E2764B6 /* SymDeskCoreTests */ = {
			isa = PBXGroup;
			children = (
				E5E77F6F7A42131B3055841A /* AppUpdateCheckerTests.swift */,
				1307E6EBAC2FAE650F0DC729 /* DeskCoreTests.swift */,
				37BB0170D51D31EB825E5869 /* UpdateInstallerTests.swift */,
			);
			name = SymDeskCoreTests;
			path = Tests/SymDeskCoreTests;
			sourceTree = "<group>";
		};
/* End PBXGroup section */

/* Begin PBXNativeTarget section */
		1191E80726DB65508E36E4E1 /* SymDeskCoreTests */ = {
			isa = PBXNativeTarget;
			buildConfigurationList = D49042C5C1C7405E8AEB9A9D /* Build configuration list for PBXNativeTarget "SymDeskCoreTests" */;
			buildPhases = (
				E144D686F999064274379398 /* Sources */,
				D76BB966D061F5FF849DABD9 /* Frameworks */,
			);
			buildRules = (
			);
			dependencies = (
				3C18987F3E7A3E87D38B4E58 /* PBXTargetDependency */,
			);
			name = SymDeskCoreTests;
			packageProductDependencies = (
				AAA444735FB3AB708D3BD4C4 /* SymairaTheme */,
				E20080EE08C0202FC164E192 /* SymairaCLIRunner */,
				3BEF32958D7F1CBB107FC724 /* SymairaToolKit */,
				596C4C9EB9845BC180C460A4 /* SymairaUpdateCheck */,
			);
			productName = SymDeskCoreTests;
			productReference = CAD6A1DD667A2F7EA1706073 /* SymDeskCoreTests.xctest */;
			productType = "com.apple.product-type.bundle.unit-test";
		};
		BC6FC56C1B486EFD0DE648A9 /* SymDeskCore */ = {
			isa = PBXNativeTarget;
			buildConfigurationList = E06923F09327F89C7E623B40 /* Build configuration list for PBXNativeTarget "SymDeskCore" */;
			buildPhases = (
				5FEC3BD1C9343D84099B17B1 /* Sources */,
				6BC0A652495F0DC35519721A /* Copy Swift Objective-C Interface Header */,
			);
			buildRules = (
			);
			dependencies = (
				54C33B77025B7D6DB5984DF0 /* PBXTargetDependency */,
				6B033B548A8AEBAB42DA8461 /* PBXTargetDependency */,
				97180F7C8898D161854F5194 /* PBXTargetDependency */,
				138AC3138B2CE91B37CF9606 /* PBXTargetDependency */,
			);
			name = SymDeskCore;
			packageProductDependencies = (
				94B6A8A96E752CD29968F8C5 /* SymairaTheme */,
				7DACE6F490151A81E30DFF20 /* SymairaCLIRunner */,
				5DFC096D268296578B37AFE2 /* SymairaToolKit */,
				CA73FF20C975D4F48F801926 /* SymairaUpdateCheck */,
			);
			productName = SymDeskCore;
			productReference = AF3DE41EB61C376999197AEF /* libSymDeskCore.a */;
			productType = "com.apple.product-type.library.static";
		};
		EBE65B0E9E86B3B5C227733D /* SymDesk */ = {
			isa = PBXNativeTarget;
			buildConfigurationList = 079F2CA691C01B6B40F36781 /* Build configuration list for PBXNativeTarget "SymDesk" */;
			buildPhases = (
				EB018DADCE29E07CE91D2661 /* Sources */,
				60CC889C3FAFE4D9587F52F7 /* Frameworks */,
			);
			buildRules = (
			);
			dependencies = (
				6CFA5F3555B890C195E6FD13 /* PBXTargetDependency */,
			);
			name = SymDesk;
			packageProductDependencies = (
				6BFDEE30809F14AC06D066FB /* SymairaTheme */,
				440538EBC91381E953CC1697 /* SymairaCLIRunner */,
				CCF15BEFF6E2B7C5BDE99A2A /* SymairaToolKit */,
				CFBC6F0BE1C9C08829AF5DC6 /* SymairaUpdateCheck */,
			);
			productName = SymDesk;
			productReference = 2FBA5128D6B234381F73178F /* SymDesk.app */;
			productType = "com.apple.product-type.application";
		};
/* End PBXNativeTarget section */

/* Begin PBXProject section */
		B16AC75A29E1886143661B51 /* Project object */ = {
			isa = PBXProject;
			attributes = {
				BuildIndependentTargetsInParallel = YES;
				LastUpgradeCheck = 1600;
				TargetAttributes = {
					EBE65B0E9E86B3B5C227733D = {
						ProvisioningStyle = Automatic;
					};
				};
			};
			buildConfigurationList = C8E0B1BB99C58DC47A687E81 /* Build configuration list for PBXProject "SymDesk" */;
			developmentRegion = en;
			hasScannedForEncodings = 0;
			knownRegions = (
				Base,
				en,
			);
			mainGroup = 1A9C7AB057DAB782D2D7E840;
			minimizedProjectReferenceProxies = 1;
			packageReferences = (
				6F9044F02A7E3CD6F55CC59A /* XCRemoteSwiftPackageReference "symaira-appkit" */,
			);
			preferredProjectObjectVersion = 77;
			productRefGroup = CC9141033E8D444BB9496E52 /* Products */;
			projectDirPath = "";
			projectRoot = "";
			targets = (
				EBE65B0E9E86B3B5C227733D /* SymDesk */,
				BC6FC56C1B486EFD0DE648A9 /* SymDeskCore */,
				1191E80726DB65508E36E4E1 /* SymDeskCoreTests */,
			);
		};
/* End PBXProject section */

/* Begin PBXShellScriptBuildPhase section */
		6BC0A652495F0DC35519721A /* Copy Swift Objective-C Interface Header */ = {
			isa = PBXShellScriptBuildPhase;
			buildActionMask = 2147483647;
			files = (
			);
			inputPaths = (
				"$(DERIVED_SOURCES_DIR)/$(SWIFT_OBJC_INTERFACE_HEADER_NAME)",
			);
			name = "Copy Swift Objective-C Interface Header";
			outputPaths = (
				"$(BUILT_PRODUCTS_DIR)/include/$(PRODUCT_MODULE_NAME)/$(SWIFT_OBJC_INTERFACE_HEADER_NAME)",
			);
			runOnlyForDeploymentPostprocessing = 0;
			shellPath = /bin/sh;
			shellScript = "ditto \"${SCRIPT_INPUT_FILE_0}\" \"${SCRIPT_OUTPUT_FILE_0}\"\n";
		};
/* End PBXShellScriptBuildPhase section */

/* Begin PBXSourcesBuildPhase section */
		5FEC3BD1C9343D84099B17B1 /* Sources */ = {
			isa = PBXSourcesBuildPhase;
			buildActionMask = 2147483647;
			files = (
				8598224B3A3003EC9273BD03 /* AppUpdateChecker.swift in Sources */,
				B4BBDCDD200A14353CFF2B9F /* DeskCore.swift in Sources */,
				D32E9B586B362E4914175291 /* EventWatcher.swift in Sources */,
				3D00605BDE73976880F49353 /* NotificationScheduler.swift in Sources */,
				C85A4C45BB4E561D0049F805 /* UpdateInstaller.swift in Sources */,
				D0EC53A22588E1A56A3E2F2B /* VaultConfig.swift in Sources */,
			);
			runOnlyForDeploymentPostprocessing = 0;
		};
		E144D686F999064274379398 /* Sources */ = {
			isa = PBXSourcesBuildPhase;
			buildActionMask = 2147483647;
			files = (
				A0E1A3C240D1E507A7E2EC9F /* AppUpdateCheckerTests.swift in Sources */,
				FC481AC96D97F01753A861B0 /* DeskCoreTests.swift in Sources */,
				5FD95A9B634F3C3A5DEC9547 /* UpdateInstallerTests.swift in Sources */,
			);
			runOnlyForDeploymentPostprocessing = 0;
		};
		EB018DADCE29E07CE91D2661 /* Sources */ = {
			isa = PBXSourcesBuildPhase;
			buildActionMask = 2147483647;
			files = (
				8D1D15CD36A1EDC8F6A23185 /* AIDockView.swift in Sources */,
				52B0B883869C07C6C51D48C4 /* BlockEditorView.swift in Sources */,
				8297EAB48FFFA51F537F9351 /* BlockNode.swift in Sources */,
				D912C5E6E61A8D859E86A1F6 /* CommandPalette.swift in Sources */,
				571C6E466AA0EACEBA689E1F /* ContentView.swift in Sources */,
				2A9DFE1A981C4FBDB9D49061 /* DbViewBoard.swift in Sources */,
				274F640915B4D63279459C99 /* DbViewCalendar.swift in Sources */,
				1F1FA22E3100184255CC3362 /* DbViewTable.swift in Sources */,
				894BF25DD7A7DE8807A137E1 /* DiscoverView.swift in Sources */,
				087490E1CC2A424C7AEF4AC1 /* DocumentGridView.swift in Sources */,
				0C92622CE6B3BB5D9C7AEC4C /* DocumentViewerView.swift in Sources */,
				C56310271DF0FBD1ED258CCA /* GraphView.swift in Sources */,
				64C0919422B9FBF88A826757 /* IngestQueueView.swift in Sources */,
				223A0903E7A1B2FF00EE3F7E /* MarkdownEditorView.swift in Sources */,
				40406909A4AAF62DD881D295 /* NotificationManager.swift in Sources */,
				A138AFCFEA44C4E485B65257 /* OnboardingView.swift in Sources */,
				888252B8F6964BA6158F9CC6 /* ReviewLaneView.swift in Sources */,
				CBD99C1AAF0BA2BE2A136FA6 /* SymDeskApp.swift in Sources */,
				F9D9027836F3132FDD8F6297 /* main.swift in Sources */,
			);
			runOnlyForDeploymentPostprocessing = 0;
		};
/* End PBXSourcesBuildPhase section */

/* Begin PBXTargetDependency section */
		138AC3138B2CE91B37CF9606 /* PBXTargetDependency */ = {
			isa = PBXTargetDependency;
			productRef = CA73FF20C975D4F48F801926 /* SymairaUpdateCheck */;
		};
		3C18987F3E7A3E87D38B4E58 /* PBXTargetDependency */ = {
			isa = PBXTargetDependency;
			target = BC6FC56C1B486EFD0DE648A9 /* SymDeskCore */;
			targetProxy = E792DFE1DAF57D21D9B41925 /* PBXContainerItemProxy */;
		};
		54C33B77025B7D6DB5984DF0 /* PBXTargetDependency */ = {
			isa = PBXTargetDependency;
			productRef = 94B6A8A96E752CD29968F8C5 /* SymairaTheme */;
		};
		6B033B548A8AEBAB42DA8461 /* PBXTargetDependency */ = {
			isa = PBXTargetDependency;
			productRef = 7DACE6F490151A81E30DFF20 /* SymairaCLIRunner */;
		};
		6CFA5F3555B890C195E6FD13 /* PBXTargetDependency */ = {
			isa = PBXTargetDependency;
			target = BC6FC56C1B486EFD0DE648A9 /* SymDeskCore */;
			targetProxy = DCD2E9AC22CC96B534EA61E3 /* PBXContainerItemProxy */;
		};
		97180F7C8898D161854F5194 /* PBXTargetDependency */ = {
			isa = PBXTargetDependency;
			productRef = 5DFC096D268296578B37AFE2 /* SymairaToolKit */;
		};
/* End PBXTargetDependency section */

/* Begin XCBuildConfiguration section */
		01D7A1E343FE4C23C5C68675 /* Release */ = {
			isa = XCBuildConfiguration;
			buildSettings = {
				BUNDLE_LOADER = "$(TEST_HOST)";
				COMBINE_HIDPI_IMAGES = YES;
				GENERATE_INFOPLIST_FILE = YES;
				LD_RUNPATH_SEARCH_PATHS = (
					"$(inherited)",
					"@executable_path/../Frameworks",
					"@loader_path/../Frameworks",
				);
				MACOSX_DEPLOYMENT_TARGET = 14.0;
				OTHER_LDFLAGS = (
					"$(inherited)",
					"-ObjC",
				);
				PRODUCT_BUNDLE_IDENTIFIER = com.symaira.SymDeskCoreTests;
				SDKROOT = macosx;
				SWIFT_VERSION = 6.0;
			};
			name = Release;
		};
		24B219A1BBE9040229284F1D /* Debug */ = {
			isa = XCBuildConfiguration;
			buildSettings = {
				BUNDLE_LOADER = "$(TEST_HOST)";
				COMBINE_HIDPI_IMAGES = YES;
				GENERATE_INFOPLIST_FILE = YES;
				LD_RUNPATH_SEARCH_PATHS = (
					"$(inherited)",
					"@executable_path/../Frameworks",
					"@loader_path/../Frameworks",
				);
				MACOSX_DEPLOYMENT_TARGET = 14.0;
				OTHER_LDFLAGS = (
					"$(inherited)",
					"-ObjC",
				);
				PRODUCT_BUNDLE_IDENTIFIER = com.symaira.SymDeskCoreTests;
				SDKROOT = macosx;
				SWIFT_VERSION = 6.0;
			};
			name = Debug;
		};
		3219A32A1CD9287FD86220D5 /* Release */ = {
			isa = XCBuildConfiguration;
			buildSettings = {
				ASSETCATALOG_COMPILER_APPICON_NAME = AppIcon;
				CODE_SIGN_IDENTITY = "-";
				CODE_SIGN_STYLE = Automatic;
				COMBINE_HIDPI_IMAGES = YES;
				CURRENT_PROJECT_VERSION = 1;
				INFOPLIST_FILE = Sources/SymDeskApp/Info.plist;
				LD_RUNPATH_SEARCH_PATHS = (
					"$(inherited)",
					"@executable_path/../Frameworks",
				);
				MACOSX_DEPLOYMENT_TARGET = 14.0;
				MARKETING_VERSION = 0.5.0;
				OTHER_LDFLAGS = (
					"$(inherited)",
					"-ObjC",
				);
				PRODUCT_BUNDLE_IDENTIFIER = com.symaira.desktop;
				SDKROOT = macosx;
				SWIFT_ACTIVE_COMPILATION_CONDITIONS = "$(inherited)";
				SWIFT_VERSION = 6.0;
			};
			name = Release;
		};
		44534B2DE927E504D20C5F64 /* Release */ = {
			isa = XCBuildConfiguration;
			buildSettings = {
				ALWAYS_SEARCH_USER_PATHS = NO;
				CLANG_ANALYZER_NONNULL = YES;
				CLANG_ANALYZER_NUMBER_OBJECT_CONVERSION = YES_AGGRESSIVE;
				CLANG_CXX_LANGUAGE_STANDARD = "gnu++14";
				CLANG_CXX_LIBRARY = "libc++";
				CLANG_ENABLE_MODULES = YES;
				CLANG_ENABLE_OBJC_ARC = YES;
				CLANG_ENABLE_OBJC_WEAK = YES;
				CLANG_WARN_BLOCK_CAPTURE_AUTORELEASING = YES;
				CLANG_WARN_BOOL_CONVERSION = YES;
				CLANG_WARN_COMMA = YES;
				CLANG_WARN_CONSTANT_CONVERSION = YES;
				CLANG_WARN_DEPRECATED_OBJC_IMPLEMENTATIONS = YES;
				CLANG_WARN_DIRECT_OBJC_ISA_USAGE = YES_ERROR;
				CLANG_WARN_DOCUMENTATION_COMMENTS = YES;
				CLANG_WARN_EMPTY_BODY = YES;
				CLANG_WARN_ENUM_CONVERSION = YES;
				CLANG_WARN_INFINITE_RECURSION = YES;
				CLANG_WARN_INT_CONVERSION = YES;
				CLANG_WARN_NON_LITERAL_NULL_CONVERSION = YES;
				CLANG_WARN_OBJC_IMPLICIT_RETAIN_SELF = YES;
				CLANG_WARN_OBJC_LITERAL_CONVERSION = YES;
				CLANG_WARN_OBJC_ROOT_CLASS = YES_ERROR;
				CLANG_WARN_QUOTED_INCLUDE_IN_FRAMEWORK_HEADER = YES;
				CLANG_WARN_RANGE_LOOP_ANALYSIS = YES;
				CLANG_WARN_STRICT_PROTOTYPES = YES;
				CLANG_WARN_SUSPICIOUS_MOVE = YES;
				CLANG_WARN_UNGUARDED_AVAILABILITY = YES_AGGRESSIVE;
				CLANG_WARN_UNREACHABLE_CODE = YES;
				CLANG_WARN__DUPLICATE_METHOD_MATCH = YES;
				COPY_PHASE_STRIP = NO;
				DEBUG_INFORMATION_FORMAT = "dwarf-with-dsym";
				ENABLE_NS_ASSERTIONS = NO;
				ENABLE_STRICT_OBJC_MSGSEND = YES;
				GCC_C_LANGUAGE_STANDARD = gnu11;
				GCC_NO_COMMON_BLOCKS = YES;
				GCC_WARN_64_TO_32_BIT_CONVERSION = YES;
				GCC_WARN_ABOUT_RETURN_TYPE = YES_ERROR;
				GCC_WARN_UNDECLARED_SELECTOR = YES;
				GCC_WARN_UNINITIALIZED_AUTOS = YES_AGGRESSIVE;
				GCC_WARN_UNUSED_FUNCTION = YES;
				GCC_WARN_UNUSED_VARIABLE = YES;
				MACOSX_DEPLOYMENT_TARGET = 14.0;
				MTL_ENABLE_DEBUG_INFO = NO;
				MTL_FAST_MATH = YES;
				PRODUCT_NAME = "$(TARGET_NAME)";
				SDKROOT = macosx;
				SWIFT_COMPILATION_MODE = wholemodule;
				SWIFT_OPTIMIZATION_LEVEL = "-O";
				SWIFT_VERSION = 5.0;
			};
			name = Release;
		};
		5FDA61D192BE5FAACB848D83 /* Release */ = {
			isa = XCBuildConfiguration;
			buildSettings = {
				COMBINE_HIDPI_IMAGES = YES;
				LD_RUNPATH_SEARCH_PATHS = (
					"$(inherited)",
					"@executable_path/../Frameworks",
				);
				MACOSX_DEPLOYMENT_TARGET = 14.0;
				PRODUCT_BUNDLE_IDENTIFIER = com.symaira.SymDeskCore;
				SDKROOT = macosx;
				SKIP_INSTALL = YES;
				SWIFT_VERSION = 6.0;
			};
			name = Release;
		};
		98ADF00632C7BB680582DED4 /* Debug */ = {
			isa = XCBuildConfiguration;
			buildSettings = {
				ALWAYS_SEARCH_USER_PATHS = NO;
				CLANG_ANALYZER_NONNULL = YES;
				CLANG_ANALYZER_NUMBER_OBJECT_CONVERSION = YES_AGGRESSIVE;
				CLANG_CXX_LANGUAGE_STANDARD = "gnu++14";
				CLANG_CXX_LIBRARY = "libc++";
				CLANG_ENABLE_MODULES = YES;
				CLANG_ENABLE_OBJC_ARC = YES;
				CLANG_ENABLE_OBJC_WEAK = YES;
				CLANG_WARN_BLOCK_CAPTURE_AUTORELEASING = YES;
				CLANG_WARN_BOOL_CONVERSION = YES;
				CLANG_WARN_COMMA = YES;
				CLANG_WARN_CONSTANT_CONVERSION = YES;
				CLANG_WARN_DEPRECATED_OBJC_IMPLEMENTATIONS = YES;
				CLANG_WARN_DIRECT_OBJC_ISA_USAGE = YES_ERROR;
				CLANG_WARN_DOCUMENTATION_COMMENTS = YES;
				CLANG_WARN_EMPTY_BODY = YES;
				CLANG_WARN_ENUM_CONVERSION = YES;
				CLANG_WARN_INFINITE_RECURSION = YES;
				CLANG_WARN_INT_CONVERSION = YES;
				CLANG_WARN_NON_LITERAL_NULL_CONVERSION = YES;
				CLANG_WARN_OBJC_IMPLICIT_RETAIN_SELF = YES;
				CLANG_WARN_OBJC_LITERAL_CONVERSION = YES;
				CLANG_WARN_OBJC_ROOT_CLASS = YES_ERROR;
				CLANG_WARN_QUOTED_INCLUDE_IN_FRAMEWORK_HEADER = YES;
				CLANG_WARN_RANGE_LOOP_ANALYSIS = YES;
				CLANG_WARN_STRICT_PROTOTYPES = YES;
				CLANG_WARN_SUSPICIOUS_MOVE = YES;
				CLANG_WARN_UNGUARDED_AVAILABILITY = YES_AGGRESSIVE;
				CLANG_WARN_UNREACHABLE_CODE = YES;
				CLANG_WARN__DUPLICATE_METHOD_MATCH = YES;
				COPY_PHASE_STRIP = NO;
				DEBUG_INFORMATION_FORMAT = dwarf;
				ENABLE_STRICT_OBJC_MSGSEND = YES;
				ENABLE_TESTABILITY = YES;
				GCC_C_LANGUAGE_STANDARD = gnu11;
				GCC_DYNAMIC_NO_PIC = NO;
				GCC_NO_COMMON_BLOCKS = YES;
				GCC_OPTIMIZATION_LEVEL = 0;
				GCC_PREPROCESSOR_DEFINITIONS = (
					"$(inherited)",
					"DEBUG=1",
				);
				GCC_WARN_64_TO_32_BIT_CONVERSION = YES;
				GCC_WARN_ABOUT_RETURN_TYPE = YES_ERROR;
				GCC_WARN_UNDECLARED_SELECTOR = YES;
				GCC_WARN_UNINITIALIZED_AUTOS = YES_AGGRESSIVE;
				GCC_WARN_UNUSED_FUNCTION = YES;
				GCC_WARN_UNUSED_VARIABLE = YES;
				MACOSX_DEPLOYMENT_TARGET = 14.0;
				MTL_ENABLE_DEBUG_INFO = INCLUDE_SOURCE;
				MTL_FAST_MATH = YES;
				ONLY_ACTIVE_ARCH = YES;
				PRODUCT_NAME = "$(TARGET_NAME)";
				SDKROOT = macosx;
				SWIFT_ACTIVE_COMPILATION_CONDITIONS = DEBUG;
				SWIFT_OPTIMIZATION_LEVEL = "-Onone";
				SWIFT_VERSION = 5.0;
			};
			name = Debug;
		};
		EB172872E4D9C591F0F54023 /* Debug */ = {
			isa = XCBuildConfiguration;
			buildSettings = {
				ASSETCATALOG_COMPILER_APPICON_NAME = AppIcon;
				CODE_SIGN_IDENTITY = "-";
				CODE_SIGN_STYLE = Automatic;
				COMBINE_HIDPI_IMAGES = YES;
				CURRENT_PROJECT_VERSION = 1;
				INFOPLIST_FILE = Sources/SymDeskApp/Info.plist;
				LD_RUNPATH_SEARCH_PATHS = (
					"$(inherited)",
					"@executable_path/../Frameworks",
				);
				MACOSX_DEPLOYMENT_TARGET = 14.0;
				MARKETING_VERSION = 0.5.0;
				OTHER_LDFLAGS = (
					"$(inherited)",
					"-ObjC",
				);
				PRODUCT_BUNDLE_IDENTIFIER = com.symaira.desktop;
				SDKROOT = macosx;
				SWIFT_ACTIVE_COMPILATION_CONDITIONS = "$(inherited)";
				SWIFT_VERSION = 6.0;
			};
			name = Debug;
		};
		F197F54A2AE16DC84311139A /* Debug */ = {
			isa = XCBuildConfiguration;
			buildSettings = {
				COMBINE_HIDPI_IMAGES = YES;
				LD_RUNPATH_SEARCH_PATHS = (
					"$(inherited)",
					"@executable_path/../Frameworks",
				);
				MACOSX_DEPLOYMENT_TARGET = 14.0;
				PRODUCT_BUNDLE_IDENTIFIER = com.symaira.SymDeskCore;
				SDKROOT = macosx;
				SKIP_INSTALL = YES;
				SWIFT_VERSION = 6.0;
			};
			name = Debug;
		};
/* End XCBuildConfiguration section */

/* Begin XCConfigurationList section */
		079F2CA691C01B6B40F36781 /* Build configuration list for PBXNativeTarget "SymDesk" */ = {
			isa = XCConfigurationList;
			buildConfigurations = (
				EB172872E4D9C591F0F54023 /* Debug */,
				3219A32A1CD9287FD86220D5 /* Release */,
			);
			defaultConfigurationIsVisible = 0;
			defaultConfigurationName = Debug;
		};
		C8E0B1BB99C58DC47A687E81 /* Build configuration list for PBXProject "SymDesk" */ = {
			isa = XCConfigurationList;
			buildConfigurations = (
				98ADF00632C7BB680582DED4 /* Debug */,
				44534B2DE927E504D20C5F64 /* Release */,
			);
			defaultConfigurationIsVisible = 0;
			defaultConfigurationName = Debug;
		};
		D49042C5C1C7405E8AEB9A9D /* Build configuration list for PBXNativeTarget "SymDeskCoreTests" */ = {
			isa = XCConfigurationList;
			buildConfigurations = (
				24B219A1BBE9040229284F1D /* Debug */,
				01D7A1E343FE4C23C5C68675 /* Release */,
			);
			defaultConfigurationIsVisible = 0;
			defaultConfigurationName = Debug;
		};
		E06923F09327F89C7E623B40 /* Build configuration list for PBXNativeTarget "SymDeskCore" */ = {
			isa = XCConfigurationList;
			buildConfigurations = (
				F197F54A2AE16DC84311139A /* Debug */,
				5FDA61D192BE5FAACB848D83 /* Release */,
			);
			defaultConfigurationIsVisible = 0;
			defaultConfigurationName = Debug;
		};
/* End XCConfigurationList section */

/* Begin XCRemoteSwiftPackageReference section */
		6F9044F02A7E3CD6F55CC59A /* XCRemoteSwiftPackageReference "symaira-appkit" */ = {
			isa = XCRemoteSwiftPackageReference;
			repositoryURL = "https://github.com/danieljustus/symaira-appkit";
			requirement = {
				kind = exactVersion;
				version = 0.2.1;
			};
		};
/* End XCRemoteSwiftPackageReference section */

/* Begin XCSwiftPackageProductDependency section */
		3BEF32958D7F1CBB107FC724 /* SymairaToolKit */ = {
			isa = XCSwiftPackageProductDependency;
			package = 6F9044F02A7E3CD6F55CC59A /* XCRemoteSwiftPackageReference "symaira-appkit" */;
			productName = SymairaToolKit;
		};
		440538EBC91381E953CC1697 /* SymairaCLIRunner */ = {
			isa = XCSwiftPackageProductDependency;
			package = 6F9044F02A7E3CD6F55CC59A /* XCRemoteSwiftPackageReference "symaira-appkit" */;
			productName = SymairaCLIRunner;
		};
		596C4C9EB9845BC180C460A4 /* SymairaUpdateCheck */ = {
			isa = XCSwiftPackageProductDependency;
			package = 6F9044F02A7E3CD6F55CC59A /* XCRemoteSwiftPackageReference "symaira-appkit" */;
			productName = SymairaUpdateCheck;
		};
		5DFC096D268296578B37AFE2 /* SymairaToolKit */ = {
			isa = XCSwiftPackageProductDependency;
			package = 6F9044F02A7E3CD6F55CC59A /* XCRemoteSwiftPackageReference "symaira-appkit" */;
			productName = SymairaToolKit;
		};
		6BFDEE30809F14AC06D066FB /* SymairaTheme */ = {
			isa = XCSwiftPackageProductDependency;
			package = 6F9044F02A7E3CD6F55CC59A /* XCRemoteSwiftPackageReference "symaira-appkit" */;
			productName = SymairaTheme;
		};
		7DACE6F490151A81E30DFF20 /* SymairaCLIRunner */ = {
			isa = XCSwiftPackageProductDependency;
			package = 6F9044F02A7E3CD6F55CC59A /* XCRemoteSwiftPackageReference "symaira-appkit" */;
			productName = SymairaCLIRunner;
		};
		94B6A8A96E752CD29968F8C5 /* SymairaTheme */ = {
			isa = XCSwiftPackageProductDependency;
			package = 6F9044F02A7E3CD6F55CC59A /* XCRemoteSwiftPackageReference "symaira-appkit" */;
			productName = SymairaTheme;
		};
		AAA444735FB3AB708D3BD4C4 /* SymairaTheme */ = {
			isa = XCSwiftPackageProductDependency;
			package = 6F9044F02A7E3CD6F55CC59A /* XCRemoteSwiftPackageReference "symaira-appkit" */;
			productName = SymairaTheme;
		};
		CA73FF20C975D4F48F801926 /* SymairaUpdateCheck */ = {
			isa = XCSwiftPackageProductDependency;
			package = 6F9044F02A7E3CD6F55CC59A /* XCRemoteSwiftPackageReference "symaira-appkit" */;
			productName = SymairaUpdateCheck;
		};
		CCF15BEFF6E2B7C5BDE99A2A /* SymairaToolKit */ = {
			isa = XCSwiftPackageProductDependency;
			package = 6F9044F02A7E3CD6F55CC59A /* XCRemoteSwiftPackageReference "symaira-appkit" */;
			productName = SymairaToolKit;
		};
		CFBC6F0BE1C9C08829AF5DC6 /* SymairaUpdateCheck */ = {
			isa = XCSwiftPackageProductDependency;
			package = 6F9044F02A7E3CD6F55CC59A /* XCRemoteSwiftPackageReference "symaira-appkit" */;
			productName = SymairaUpdateCheck;
		};
		E20080EE08C0202FC164E192 /* SymairaCLIRunner */ = {
			isa = XCSwiftPackageProductDependency;
			package = 6F9044F02A7E3CD6F55CC59A /* XCRemoteSwiftPackageReference "symaira-appkit" */;
			productName = SymairaCLIRunner;
		};
/* End XCSwiftPackageProductDependency section */
	};
	rootObject = B16AC75A29E1886143661B51 /* Project object */;
}
