{
  "originHash" : "e40af23e2009fdd76c3766c576703c9982d972efa7bbac654666adf01c9ea444",
  "pins" : [
    {
      "identity" : "symaira-appkit",
      "kind" : "remoteSourceControl",
      "location" : "https://github.com/danieljustus/symaira-appkit.git",
      "state" : {
        "revision" : "140b838a4cef779eb7bf9c4084d8570d60f516b9",
        "version" : "0.10.0"
      }
    }
  ],
  "version" : 3
}
